// !$*UTF8*$!
{
	archiveVersion = 1;
	classes = {
	};
	objectVersion = 46;
	objects = {

/* Begin PBXBuildFile section */
		1E5657E5BDC108A4BF39A17D /* Pods_BorrowMoney.framework in Frameworks */ = {isa = PBXBuildFile; fileRef = 4590E8911C82E60953B15D95 /* Pods_BorrowMoney.framework */; };
		400F66F81FC45E40005F7EFC /* LoanOrderModel.swift in Sources */ = {isa = PBXBuildFile; fileRef = 400F66F71FC45E40005F7EFC /* LoanOrderModel.swift */; };
		4010B1DB1FB49252006C3B4E /* URLCenter.swift in Sources */ = {isa = PBXBuildFile; fileRef = 4010B1DA1FB49252006C3B4E /* URLCenter.swift */; };
		40111F8D1FBAADB000895908 /* UserCollectionViewCell.swift in Sources */ = {isa = PBXBuildFile; fileRef = 40111F8C1FBAADB000895908 /* UserCollectionViewCell.swift */; };
		401138A01FB53AD300640834 /* GraphicView.swift in Sources */ = {isa = PBXBuildFile; fileRef = 4011389F1FB53AD300640834 /* GraphicView.swift */; };
		401138A21FB565EA00640834 /* ErrorInfo.swift in Sources */ = {isa = PBXBuildFile; fileRef = 401138A11FB565EA00640834 /* ErrorInfo.swift */; };
		401138A51FB5999800640834 /* UserModel.swift in Sources */ = {isa = PBXBuildFile; fileRef = 401138A41FB5999800640834 /* UserModel.swift */; };
		4011B33D1F9ED57300EFAF3B /* BasicVC.swift in Sources */ = {isa = PBXBuildFile; fileRef = 4011B33C1F9ED57300EFAF3B /* BasicVC.swift */; };
		4011B3401F9EE07E00EFAF3B /* LoginVC.swift in Sources */ = {isa = PBXBuildFile; fileRef = 4011B33F1F9EE07E00EFAF3B /* LoginVC.swift */; };
		4011B3421F9EE96C00EFAF3B /* LoginSegmentedView.swift in Sources */ = {isa = PBXBuildFile; fileRef = 4011B3411F9EE96C00EFAF3B /* LoginSegmentedView.swift */; };
		40120E7E1FBE7DF80075BD6D /* NSArray+Extension.swift in Sources */ = {isa = PBXBuildFile; fileRef = 40120E7D1FBE7DF80075BD6D /* NSArray+Extension.swift */; };
		401231CA1FC3D34B00C2F1AE /* ModifyPasswordVC.swift in Sources */ = {isa = PBXBuildFile; fileRef = 401231C91FC3D34B00C2F1AE /* ModifyPasswordVC.swift */; };
		401231CC1FC3D65000C2F1AE /* BasicWebVC.swift in Sources */ = {isa = PBXBuildFile; fileRef = 401231CB1FC3D65000C2F1AE /* BasicWebVC.swift */; };
		401231CE1FC42F4B00C2F1AE /* AboutVC.swift in Sources */ = {isa = PBXBuildFile; fileRef = 401231CD1FC42F4B00C2F1AE /* AboutVC.swift */; };
		401256BC1F947D06002C0F8B /* AppDelegate.swift in Sources */ = {isa = PBXBuildFile; fileRef = 401256A01F947D06002C0F8B /* AppDelegate.swift */; };
		401256BD1F947D06002C0F8B /* BorrowMoney.swift in Sources */ = {isa = PBXBuildFile; fileRef = 401256A11F947D06002C0F8B /* BorrowMoney.swift */; };
		401256BE1F947D06002C0F8B /* CustomNavigationController.swift in Sources */ = {isa = PBXBuildFile; fileRef = 401256A31F947D06002C0F8B /* CustomNavigationController.swift */; };
		401256BF1F947D06002C0F8B /* NaviBarView.swift in Sources */ = {isa = PBXBuildFile; fileRef = 401256A41F947D06002C0F8B /* NaviBarView.swift */; };
		401256C01F947D06002C0F8B /* TabBarController.swift in Sources */ = {isa = PBXBuildFile; fileRef = 401256A51F947D06002C0F8B /* TabBarController.swift */; };
		401256C11F947D06002C0F8B /* HomePageVC.swift in Sources */ = {isa = PBXBuildFile; fileRef = 401256A81F947D06002C0F8B /* HomePageVC.swift */; };
		401256C21F947D06002C0F8B /* LoanBooksVC.swift in Sources */ = {isa = PBXBuildFile; fileRef = 401256AD1F947D06002C0F8B /* LoanBooksVC.swift */; };
		401256C31F947D06002C0F8B /* UIColor+Extension.swift in Sources */ = {isa = PBXBuildFile; fileRef = 401256B21F947D06002C0F8B /* UIColor+Extension.swift */; };
		401256C41F947D06002C0F8B /* UserCenterVC.swift in Sources */ = {isa = PBXBuildFile; fileRef = 401256B91F947D06002C0F8B /* UserCenterVC.swift */; };
		401256CA1F94B24F002C0F8B /* CentralManage.swift in Sources */ = {isa = PBXBuildFile; fileRef = 401256C91F94B24F002C0F8B /* CentralManage.swift */; };
		401354641FB1594100854FA6 /* XPrint.swift in Sources */ = {isa = PBXBuildFile; fileRef = 401354631FB1594100854FA6 /* XPrint.swift */; };
		4013546B1FB15B2500854FA6 /* PublicService.swift in Sources */ = {isa = PBXBuildFile; fileRef = 4013546A1FB15B2500854FA6 /* PublicService.swift */; };
		4013546F1FB16D7B00854FA6 /* URLDataCenter.swift in Sources */ = {isa = PBXBuildFile; fileRef = 4013546E1FB16D7B00854FA6 /* URLDataCenter.swift */; };
		4013ED681FB4067D00A79E10 /* String+Extension.swift in Sources */ = {isa = PBXBuildFile; fileRef = 4013ED671FB4067D00A79E10 /* String+Extension.swift */; };
		401474B71FC518340045385E /* NSDictionary+Extension.swift in Sources */ = {isa = PBXBuildFile; fileRef = 401474B61FC518340045385E /* NSDictionary+Extension.swift */; };
		401474B91FC5630F0045385E /* XConfigure.swift in Sources */ = {isa = PBXBuildFile; fileRef = 401474B81FC5630F0045385E /* XConfigure.swift */; };
		401474BB1FC585E30045385E /* MessageCenterVC.swift in Sources */ = {isa = PBXBuildFile; fileRef = 401474BA1FC585E30045385E /* MessageCenterVC.swift */; };
		4014EE411FB6C8870060B60E /* UserDefaults+Extension.swift in Sources */ = {isa = PBXBuildFile; fileRef = 4014EE401FB6C8870060B60E /* UserDefaults+Extension.swift */; };
		4014EE431FB72F9F0060B60E /* UserCenterHeaderView.swift in Sources */ = {isa = PBXBuildFile; fileRef = 4014EE421FB72F9F0060B60E /* UserCenterHeaderView.swift */; };
		401661501FAC1323000D550E /* ForgetVC.swift in Sources */ = {isa = PBXBuildFile; fileRef = 4016614F1FAC1323000D550E /* ForgetVC.swift */; };
		401661521FAC135B000D550E /* RegisterVC.swift in Sources */ = {isa = PBXBuildFile; fileRef = 401661511FAC135B000D550E /* RegisterVC.swift */; };
		401661561FAC1ACB000D550E /* LoginFooterView.swift in Sources */ = {isa = PBXBuildFile; fileRef = 401661551FAC1ACB000D550E /* LoginFooterView.swift */; };
		401661581FAC554E000D550E /* AlamofireManager.swift in Sources */ = {isa = PBXBuildFile; fileRef = 401661571FAC554E000D550E /* AlamofireManager.swift */; };
		4017EDC71F8E196A0077B8E0 /* Assets.xcassets in Resources */ = {isa = PBXBuildFile; fileRef = 4017EDC61F8E196A0077B8E0 /* Assets.xcassets */; };
		4017EDCA1F8E196A0077B8E0 /* LaunchScreen.storyboard in Resources */ = {isa = PBXBuildFile; fileRef = 4017EDC81F8E196A0077B8E0 /* LaunchScreen.storyboard */; };
		4017EDD51F8E196A0077B8E0 /* BorrowMoneyTests.swift in Sources */ = {isa = PBXBuildFile; fileRef = 4017EDD41F8E196A0077B8E0 /* BorrowMoneyTests.swift */; };
		4017EDE01F8E196A0077B8E0 /* BorrowMoneyUITests.swift in Sources */ = {isa = PBXBuildFile; fileRef = 4017EDDF1F8E196A0077B8E0 /* BorrowMoneyUITests.swift */; };
		401E8AE21FC2C0C700BB8839 /* XFoundation.swift in Sources */ = {isa = PBXBuildFile; fileRef = 401E8AE11FC2C0C700BB8839 /* XFoundation.swift */; };
		401E8AEA1FC2DED300BB8839 /* NSObject+Extension.swift in Sources */ = {isa = PBXBuildFile; fileRef = 401E8AE91FC2DED300BB8839 /* NSObject+Extension.swift */; };
		402CE2C51FC9511800047C00 /* LoanProductsModel.swift in Sources */ = {isa = PBXBuildFile; fileRef = 402CE2C41FC9511800047C00 /* LoanProductsModel.swift */; };
		402CE2C91FCC059300047C00 /* MessageCenterCell.swift in Sources */ = {isa = PBXBuildFile; fileRef = 402CE2C81FCC059300047C00 /* MessageCenterCell.swift */; };
		402CE2CB1FCC269500047C00 /* UserCenterModel.swift in Sources */ = {isa = PBXBuildFile; fileRef = 402CE2CA1FCC269500047C00 /* UserCenterModel.swift */; };
		402CE2CD1FCC26E300047C00 /* MessageCenterModel.swift in Sources */ = {isa = PBXBuildFile; fileRef = 402CE2CC1FCC26E300047C00 /* MessageCenterModel.swift */; };
		4045E6991FBC350E008052AA /* PersonalInfoVC.swift in Sources */ = {isa = PBXBuildFile; fileRef = 4045E6981FBC350E008052AA /* PersonalInfoVC.swift */; };
		4045E69B1FBC46C8008052AA /* OrderManageVC.swift in Sources */ = {isa = PBXBuildFile; fileRef = 4045E69A1FBC46C8008052AA /* OrderManageVC.swift */; };
		4045E69D1FBC472F008052AA /* RepayManageVC.swift in Sources */ = {isa = PBXBuildFile; fileRef = 4045E69C1FBC472F008052AA /* RepayManageVC.swift */; };
		4045E69F1FBC4756008052AA /* SetUpVC.swift in Sources */ = {isa = PBXBuildFile; fileRef = 4045E69E1FBC4756008052AA /* SetUpVC.swift */; };
		4045E6A11FBC483B008052AA /* UserCenterService.swift in Sources */ = {isa = PBXBuildFile; fileRef = 4045E6A01FBC483B008052AA /* UserCenterService.swift */; };
		406D2ADE1FB957A8005D7054 /* UIImage+Extension.swift in Sources */ = {isa = PBXBuildFile; fileRef = 406D2ADD1FB957A8005D7054 /* UIImage+Extension.swift */; };
		406D2AE71FB9A2FC005D7054 /* UserCenterCell2.swift in Sources */ = {isa = PBXBuildFile; fileRef = 406D2AE61FB9A2FC005D7054 /* UserCenterCell2.swift */; };
		406D2AE91FB9A30F005D7054 /* UserCenterCell1.swift in Sources */ = {isa = PBXBuildFile; fileRef = 406D2AE81FB9A30F005D7054 /* UserCenterCell1.swift */; };
		40EBADB41FAB272900DFC4B9 /* LoginInfoView.swift in Sources */ = {isa = PBXBuildFile; fileRef = 40EBADB31FAB272900DFC4B9 /* LoginInfoView.swift */; };
/* End PBXBuildFile section */

/* Begin PBXContainerItemProxy section */
		4017EDD11F8E196A0077B8E0 /* PBXContainerItemProxy */ = {
			isa = PBXContainerItemProxy;
			containerPortal = 4017EDB41F8E19690077B8E0 /* Project object */;
			proxyType = 1;
			remoteGlobalIDString = 4017EDBB1F8E196A0077B8E0;
			remoteInfo = BorrowMoney;
		};
		4017EDDC1F8E196A0077B8E0 /* PBXContainerItemProxy */ = {
			isa = PBXContainerItemProxy;
			containerPortal = 4017EDB41F8E19690077B8E0 /* Project object */;
			proxyType = 1;
			remoteGlobalIDString = 4017EDBB1F8E196A0077B8E0;
			remoteInfo = BorrowMoney;
		};
/* End PBXContainerItemProxy section */

/* Begin PBXFileReference section */
		400F66F71FC45E40005F7EFC /* LoanOrderModel.swift */ = {isa = PBXFileReference; fileEncoding = 4; lastKnownFileType = sourcecode.swift; path = LoanOrderModel.swift; sourceTree = "<group>"; };
		4010B1DA1FB49252006C3B4E /* URLCenter.swift */ = {isa = PBXFileReference; fileEncoding = 4; lastKnownFileType = sourcecode.swift; path = URLCenter.swift; sourceTree = "<group>"; };
		40111F8C1FBAADB000895908 /* UserCollectionViewCell.swift */ = {isa = PBXFileReference; fileEncoding = 4; lastKnownFileType = sourcecode.swift; path = UserCollectionViewCell.swift; sourceTree = "<group>"; };
		4011389F1FB53AD300640834 /* GraphicView.swift */ = {isa = PBXFileReference; fileEncoding = 4; lastKnownFileType = sourcecode.swift; path = GraphicView.swift; sourceTree = "<group>"; };
		401138A11FB565EA00640834 /* ErrorInfo.swift */ = {isa = PBXFileReference; fileEncoding = 4; lastKnownFileType = sourcecode.swift; path = ErrorInfo.swift; sourceTree = "<group>"; };
		401138A41FB5999800640834 /* UserModel.swift */ = {isa = PBXFileReference; fileEncoding = 4; lastKnownFileType = sourcecode.swift; path = UserModel.swift; sourceTree = "<group>"; };
		4011B33C1F9ED57300EFAF3B /* BasicVC.swift */ = {isa = PBXFileReference; fileEncoding = 4; lastKnownFileType = sourcecode.swift; path = BasicVC.swift; sourceTree = "<group>"; };
		4011B33F1F9EE07E00EFAF3B /* LoginVC.swift */ = {isa = PBXFileReference; fileEncoding = 4; lastKnownFileType = sourcecode.swift; path = LoginVC.swift; sourceTree = "<group>"; };
		4011B3411F9EE96C00EFAF3B /* LoginSegmentedView.swift */ = {isa = PBXFileReference; fileEncoding = 4; lastKnownFileType = sourcecode.swift; path = LoginSegmentedView.swift; sourceTree = "<group>"; };
		40120E7D1FBE7DF80075BD6D /* NSArray+Extension.swift */ = {isa = PBXFileReference; fileEncoding = 4; lastKnownFileType = sourcecode.swift; path = "NSArray+Extension.swift"; sourceTree = "<group>"; };
		401231C91FC3D34B00C2F1AE /* ModifyPasswordVC.swift */ = {isa = PBXFileReference; fileEncoding = 4; lastKnownFileType = sourcecode.swift; path = ModifyPasswordVC.swift; sourceTree = "<group>"; };
		401231CB1FC3D65000C2F1AE /* BasicWebVC.swift */ = {isa = PBXFileReference; fileEncoding = 4; lastKnownFileType = sourcecode.swift; path = BasicWebVC.swift; sourceTree = "<group>"; };
		401231CD1FC42F4B00C2F1AE /* AboutVC.swift */ = {isa = PBXFileReference; fileEncoding = 4; lastKnownFileType = sourcecode.swift; path = AboutVC.swift; sourceTree = "<group>"; };
		401256A01F947D06002C0F8B /* AppDelegate.swift */ = {isa = PBXFileReference; fileEncoding = 4; lastKnownFileType = sourcecode.swift; path = AppDelegate.swift; sourceTree = "<group>"; };
		401256A11F947D06002C0F8B /* BorrowMoney.swift */ = {isa = PBXFileReference; fileEncoding = 4; lastKnownFileType = sourcecode.swift; path = BorrowMoney.swift; sourceTree = "<group>"; };
		401256A21F947D06002C0F8B /* Bridging-Header.h */ = {isa = PBXFileReference; fileEncoding = 4; lastKnownFileType = sourcecode.c.h; path = "Bridging-Header.h"; sourceTree = "<group>"; };
		401256A31F947D06002C0F8B /* CustomNavigationController.swift */ = {isa = PBXFileReference; fileEncoding = 4; lastKnownFileType = sourcecode.swift; path = CustomNavigationController.swift; sourceTree = "<group>"; };
		401256A41F947D06002C0F8B /* NaviBarView.swift */ = {isa = PBXFileReference; fileEncoding = 4; lastKnownFileType = sourcecode.swift; path = NaviBarView.swift; sourceTree = "<group>"; };
		401256A51F947D06002C0F8B /* TabBarController.swift */ = {isa = PBXFileReference; fileEncoding = 4; lastKnownFileType = sourcecode.swift; path = TabBarController.swift; sourceTree = "<group>"; };
		401256A81F947D06002C0F8B /* HomePageVC.swift */ = {isa = PBXFileReference; fileEncoding = 4; lastKnownFileType = sourcecode.swift; path = HomePageVC.swift; sourceTree = "<group>"; };
		401256AD1F947D06002C0F8B /* LoanBooksVC.swift */ = {isa = PBXFileReference; fileEncoding = 4; lastKnownFileType = sourcecode.swift; path = LoanBooksVC.swift; sourceTree = "<group>"; };
		401256B21F947D06002C0F8B /* UIColor+Extension.swift */ = {isa = PBXFileReference; fileEncoding = 4; lastKnownFileType = sourcecode.swift; path = "UIColor+Extension.swift"; sourceTree = "<group>"; };
		401256B91F947D06002C0F8B /* UserCenterVC.swift */ = {isa = PBXFileReference; fileEncoding = 4; lastKnownFileType = sourcecode.swift; path = UserCenterVC.swift; sourceTree = "<group>"; };
		401256C91F94B24F002C0F8B /* CentralManage.swift */ = {isa = PBXFileReference; fileEncoding = 4; lastKnownFileType = sourcecode.swift; path = CentralManage.swift; sourceTree = "<group>"; };
		401354631FB1594100854FA6 /* XPrint.swift */ = {isa = PBXFileReference; fileEncoding = 4; lastKnownFileType = sourcecode.swift; path = XPrint.swift; sourceTree = "<group>"; };
		4013546A1FB15B2500854FA6 /* PublicService.swift */ = {isa = PBXFileReference; fileEncoding = 4; lastKnownFileType = sourcecode.swift; path = PublicService.swift; sourceTree = "<group>"; };
		4013546E1FB16D7B00854FA6 /* URLDataCenter.swift */ = {isa = PBXFileReference; fileEncoding = 4; lastKnownFileType = sourcecode.swift; path = URLDataCenter.swift; sourceTree = "<group>"; };
		4013ED671FB4067D00A79E10 /* String+Extension.swift */ = {isa = PBXFileReference; fileEncoding = 4; lastKnownFileType = sourcecode.swift; path = "String+Extension.swift"; sourceTree = "<group>"; };
		401474B61FC518340045385E /* NSDictionary+Extension.swift */ = {isa = PBXFileReference; fileEncoding = 4; lastKnownFileType = sourcecode.swift; path = "NSDictionary+Extension.swift"; sourceTree = "<group>"; };
		401474B81FC5630F0045385E /* XConfigure.swift */ = {isa = PBXFileReference; fileEncoding = 4; lastKnownFileType = sourcecode.swift; path = XConfigure.swift; sourceTree = "<group>"; };
		401474BA1FC585E30045385E /* MessageCenterVC.swift */ = {isa = PBXFileReference; fileEncoding = 4; lastKnownFileType = sourcecode.swift; path = MessageCenterVC.swift; sourceTree = "<group>"; };
		4014EE401FB6C8870060B60E /* UserDefaults+Extension.swift */ = {isa = PBXFileReference; fileEncoding = 4; lastKnownFileType = sourcecode.swift; path = "UserDefaults+Extension.swift"; sourceTree = "<group>"; };
		4014EE421FB72F9F0060B60E /* UserCenterHeaderView.swift */ = {isa = PBXFileReference; fileEncoding = 4; lastKnownFileType = sourcecode.swift; path = UserCenterHeaderView.swift; sourceTree = "<group>"; };
		4016614F1FAC1323000D550E /* ForgetVC.swift */ = {isa = PBXFileReference; fileEncoding = 4; lastKnownFileType = sourcecode.swift; path = ForgetVC.swift; sourceTree = "<group>"; };
		401661511FAC135B000D550E /* RegisterVC.swift */ = {isa = PBXFileReference; fileEncoding = 4; lastKnownFileType = sourcecode.swift; path = RegisterVC.swift; sourceTree = "<group>"; };
		401661551FAC1ACB000D550E /* LoginFooterView.swift */ = {isa = PBXFileReference; fileEncoding = 4; lastKnownFileType = sourcecode.swift; path = LoginFooterView.swift; sourceTree = "<group>"; };
		401661571FAC554E000D550E /* AlamofireManager.swift */ = {isa = PBXFileReference; fileEncoding = 4; lastKnownFileType = sourcecode.swift; path = AlamofireManager.swift; sourceTree = "<group>"; };
		4017EDBC1F8E196A0077B8E0 /* BorrowMoney.app */ = {isa = PBXFileReference; explicitFileType = wrapper.application; includeInIndex = 0; path = BorrowMoney.app; sourceTree = BUILT_PRODUCTS_DIR; };
		4017EDC61F8E196A0077B8E0 /* Assets.xcassets */ = {isa = PBXFileReference; lastKnownFileType = folder.assetcatalog; path = Assets.xcassets; sourceTree = "<group>"; };
		4017EDC91F8E196A0077B8E0 /* Base */ = {isa = PBXFileReference; lastKnownFileType = file.storyboard; name = Base; path = Base.lproj/LaunchScreen.storyboard; sourceTree = "<group>"; };
		4017EDCB1F8E196A0077B8E0 /* Info.plist */ = {isa = PBXFileReference; lastKnownFileType = text.plist.xml; path = Info.plist; sourceTree = "<group>"; };
		4017EDD01F8E196A0077B8E0 /* BorrowMoneyTests.xctest */ = {isa = PBXFileReference; explicitFileType = wrapper.cfbundle; includeInIndex = 0; path = BorrowMoneyTests.xctest; sourceTree = BUILT_PRODUCTS_DIR; };
		4017EDD41F8E196A0077B8E0 /* BorrowMoneyTests.swift */ = {isa = PBXFileReference; lastKnownFileType = sourcecode.swift; path = BorrowMoneyTests.swift; sourceTree = "<group>"; };
		4017EDD61F8E196A0077B8E0 /* Info.plist */ = {isa = PBXFileReference; lastKnownFileType = text.plist.xml; path = Info.plist; sourceTree = "<group>"; };
		4017EDDB1F8E196A0077B8E0 /* BorrowMoneyUITests.xctest */ = {isa = PBXFileReference; explicitFileType = wrapper.cfbundle; includeInIndex = 0; path = BorrowMoneyUITests.xctest; sourceTree = BUILT_PRODUCTS_DIR; };
		4017EDDF1F8E196A0077B8E0 /* BorrowMoneyUITests.swift */ = {isa = PBXFileReference; lastKnownFileType = sourcecode.swift; path = BorrowMoneyUITests.swift; sourceTree = "<group>"; };
		4017EDE11F8E196A0077B8E0 /* Info.plist */ = {isa = PBXFileReference; lastKnownFileType = text.plist.xml; path = Info.plist; sourceTree = "<group>"; };
		4017EDED1F8E1B790077B8E0 /* SDWebImage.framework */ = {isa = PBXFileReference; lastKnownFileType = wrapper.framework; name = SDWebImage.framework; path = "Pods/../build/Debug-iphoneos/SDWebImage/SDWebImage.framework"; sourceTree = "<group>"; };
		401E8AE11FC2C0C700BB8839 /* XFoundation.swift */ = {isa = PBXFileReference; fileEncoding = 4; lastKnownFileType = sourcecode.swift; path = XFoundation.swift; sourceTree = "<group>"; };
		401E8AE91FC2DED300BB8839 /* NSObject+Extension.swift */ = {isa = PBXFileReference; fileEncoding = 4; lastKnownFileType = sourcecode.swift; path = "NSObject+Extension.swift"; sourceTree = "<group>"; };
		402CE2C41FC9511800047C00 /* LoanProductsModel.swift */ = {isa = PBXFileReference; fileEncoding = 4; lastKnownFileType = sourcecode.swift; path = LoanProductsModel.swift; sourceTree = "<group>"; };
		402CE2C81FCC059300047C00 /* MessageCenterCell.swift */ = {isa = PBXFileReference; fileEncoding = 4; lastKnownFileType = sourcecode.swift; path = MessageCenterCell.swift; sourceTree = "<group>"; };
		402CE2CA1FCC269500047C00 /* UserCenterModel.swift */ = {isa = PBXFileReference; fileEncoding = 4; lastKnownFileType = sourcecode.swift; path = UserCenterModel.swift; sourceTree = "<group>"; };
		402CE2CC1FCC26E300047C00 /* MessageCenterModel.swift */ = {isa = PBXFileReference; fileEncoding = 4; lastKnownFileType = sourcecode.swift; path = MessageCenterModel.swift; sourceTree = "<group>"; };
		4045E6981FBC350E008052AA /* PersonalInfoVC.swift */ = {isa = PBXFileReference; fileEncoding = 4; lastKnownFileType = sourcecode.swift; path = PersonalInfoVC.swift; sourceTree = "<group>"; };
		4045E69A1FBC46C8008052AA /* OrderManageVC.swift */ = {isa = PBXFileReference; fileEncoding = 4; lastKnownFileType = sourcecode.swift; path = OrderManageVC.swift; sourceTree = "<group>"; };
		4045E69C1FBC472F008052AA /* RepayManageVC.swift */ = {isa = PBXFileReference; fileEncoding = 4; lastKnownFileType = sourcecode.swift; path = RepayManageVC.swift; sourceTree = "<group>"; };
		4045E69E1FBC4756008052AA /* SetUpVC.swift */ = {isa = PBXFileReference; fileEncoding = 4; lastKnownFileType = sourcecode.swift; path = SetUpVC.swift; sourceTree = "<group>"; };
		4045E6A01FBC483B008052AA /* UserCenterService.swift */ = {isa = PBXFileReference; fileEncoding = 4; lastKnownFileType = sourcecode.swift; path = UserCenterService.swift; sourceTree = "<group>"; };
		406D2ADD1FB957A8005D7054 /* UIImage+Extension.swift */ = {isa = PBXFileReference; fileEncoding = 4; lastKnownFileType = sourcecode.swift; path = "UIImage+Extension.swift"; sourceTree = "<group>"; };
		406D2AE61FB9A2FC005D7054 /* UserCenterCell2.swift */ = {isa = PBXFileReference; fileEncoding = 4; lastKnownFileType = sourcecode.swift; path = UserCenterCell2.swift; sourceTree = "<group>"; };
		406D2AE81FB9A30F005D7054 /* UserCenterCell1.swift */ = {isa = PBXFileReference; fileEncoding = 4; lastKnownFileType = sourcecode.swift; path = UserCenterCell1.swift; sourceTree = "<group>"; };
		40EBADB31FAB272900DFC4B9 /* LoginInfoView.swift */ = {isa = PBXFileReference; fileEncoding = 4; lastKnownFileType = sourcecode.swift; path = LoginInfoView.swift; sourceTree = "<group>"; };
		4590E8911C82E60953B15D95 /* Pods_BorrowMoney.framework */ = {isa = PBXFileReference; explicitFileType = wrapper.framework; includeInIndex = 0; path = Pods_BorrowMoney.framework; sourceTree = BUILT_PRODUCTS_DIR; };
		C30E7E8962F70FA8C295C3E8 /* Pods-BorrowMoney.release.xcconfig */ = {isa = PBXFileReference; includeInIndex = 1; lastKnownFileType = text.xcconfig; name = "Pods-BorrowMoney.release.xcconfig"; path = "Pods/Target Support Files/Pods-BorrowMoney/Pods-BorrowMoney.release.xcconfig"; sourceTree = "<group>"; };
		CF58623B744DB930670B6B5D /* Pods-BorrowMoney.debug.xcconfig */ = {isa = PBXFileReference; includeInIndex = 1; lastKnownFileType = text.xcconfig; name = "Pods-BorrowMoney.debug.xcconfig"; path = "Pods/Target Support Files/Pods-BorrowMoney/Pods-BorrowMoney.debug.xcconfig"; sourceTree = "<group>"; };
/* End PBXFileReference section */

/* Begin PBXFrameworksBuildPhase section */
		4017EDB91F8E196A0077B8E0 /* Frameworks */ = {
			isa = PBXFrameworksBuildPhase;
			buildActionMask = 2147483647;
			files = (
				1E5657E5BDC108A4BF39A17D /* Pods_BorrowMoney.framework in Frameworks */,
			);
			runOnlyForDeploymentPostprocessing = 0;
		};
		4017EDCD1F8E196A0077B8E0 /* Frameworks */ = {
			isa = PBXFrameworksBuildPhase;
			buildActionMask = 2147483647;
			files = (
			);
			runOnlyForDeploymentPostprocessing = 0;
		};
		4017EDD81F8E196A0077B8E0 /* Frameworks */ = {
			isa = PBXFrameworksBuildPhase;
			buildActionMask = 2147483647;
			files = (
			);
			runOnlyForDeploymentPostprocessing = 0;
		};
/* End PBXFrameworksBuildPhase section */

/* Begin PBXGroup section */
		4011B33E1F9EE07E00EFAF3B /* Login */ = {
			isa = PBXGroup;
			children = (
				4011B33F1F9EE07E00EFAF3B /* LoginVC.swift */,
				4011B3411F9EE96C00EFAF3B /* LoginSegmentedView.swift */,
				40EBADB31FAB272900DFC4B9 /* LoginInfoView.swift */,
				401661551FAC1ACB000D550E /* LoginFooterView.swift */,
				4011389F1FB53AD300640834 /* GraphicView.swift */,
				401138A41FB5999800640834 /* UserModel.swift */,
			);
			path = Login;
			sourceTree = "<group>";
		};
		4012569E1F947D06002C0F8B /* Classes */ = {
			isa = PBXGroup;
			children = (
				401256B61F947D06002C0F8B /* PublicAssembly */,
				4012569F1F947D06002C0F8B /* Base */,
				401256B01F947D06002C0F8B /* Others */,
				401256A61F947D06002C0F8B /* HomePage */,
				401256AB1F947D06002C0F8B /* LoanBooks */,
				401256B71F947D06002C0F8B /* UserCenter */,
				4016614B1FAC12A1000D550E /* Account */,
			);
			path = Classes;
			sourceTree = "<group>";
		};
		4012569F1F947D06002C0F8B /* Base */ = {
			isa = PBXGroup;
			children = (
				401256A01F947D06002C0F8B /* AppDelegate.swift */,
				401256A11F947D06002C0F8B /* BorrowMoney.swift */,
				401256A21F947D06002C0F8B /* Bridging-Header.h */,
				401256A31F947D06002C0F8B /* CustomNavigationController.swift */,
				401256A41F947D06002C0F8B /* NaviBarView.swift */,
				401256A51F947D06002C0F8B /* TabBarController.swift */,
				401661571FAC554E000D550E /* AlamofireManager.swift */,
				401138A11FB565EA00640834 /* ErrorInfo.swift */,
			);
			path = Base;
			sourceTree = "<group>";
		};
		401256A61F947D06002C0F8B /* HomePage */ = {
			isa = PBXGroup;
			children = (
				401354661FB15AD300854FA6 /* Service */,
				401256A71F947D06002C0F8B /* Controller */,
				401256A91F947D06002C0F8B /* Model */,
				401256AA1F947D06002C0F8B /* View */,
			);
			path = HomePage;
			sourceTree = "<group>";
		};
		401256A71F947D06002C0F8B /* Controller */ = {
			isa = PBXGroup;
			children = (
				401256A81F947D06002C0F8B /* HomePageVC.swift */,
			);
			path = Controller;
			sourceTree = "<group>";
		};
		401256A91F947D06002C0F8B /* Model */ = {
			isa = PBXGroup;
			children = (
			);
			path = Model;
			sourceTree = "<group>";
		};
		401256AA1F947D06002C0F8B /* View */ = {
			isa = PBXGroup;
			children = (
			);
			path = View;
			sourceTree = "<group>";
		};
		401256AB1F947D06002C0F8B /* LoanBooks */ = {
			isa = PBXGroup;
			children = (
				401354671FB15ADA00854FA6 /* Service */,
				401256AC1F947D06002C0F8B /* Controller */,
				401256AE1F947D06002C0F8B /* Model */,
				401256AF1F947D06002C0F8B /* View */,
			);
			path = LoanBooks;
			sourceTree = "<group>";
		};
		401256AC1F947D06002C0F8B /* Controller */ = {
			isa = PBXGroup;
			children = (
				401256AD1F947D06002C0F8B /* LoanBooksVC.swift */,
			);
			path = Controller;
			sourceTree = "<group>";
		};
		401256AE1F947D06002C0F8B /* Model */ = {
			isa = PBXGroup;
			children = (
			);
			path = Model;
			sourceTree = "<group>";
		};
		401256AF1F947D06002C0F8B /* View */ = {
			isa = PBXGroup;
			children = (
			);
			path = View;
			sourceTree = "<group>";
		};
		401256B01F947D06002C0F8B /* Others */ = {
			isa = PBXGroup;
			children = (
				401256B11F947D06002C0F8B /* CategoryClass */,
				401256B31F947D06002C0F8B /* Lib */,
				401256B41F947D06002C0F8B /* Model */,
				401256B51F947D06002C0F8B /* Tools */,
			);
			path = Others;
			sourceTree = "<group>";
		};
		401256B11F947D06002C0F8B /* CategoryClass */ = {
			isa = PBXGroup;
			children = (
				4013ED671FB4067D00A79E10 /* String+Extension.swift */,
				401256B21F947D06002C0F8B /* UIColor+Extension.swift */,
				4014EE401FB6C8870060B60E /* UserDefaults+Extension.swift */,
				406D2ADD1FB957A8005D7054 /* UIImage+Extension.swift */,
				40120E7D1FBE7DF80075BD6D /* NSArray+Extension.swift */,
				401E8AE91FC2DED300BB8839 /* NSObject+Extension.swift */,
				401474B61FC518340045385E /* NSDictionary+Extension.swift */,
			);
			path = CategoryClass;
			sourceTree = "<group>";
		};
		401256B31F947D06002C0F8B /* Lib */ = {
			isa = PBXGroup;
			children = (
			);
			path = Lib;
			sourceTree = "<group>";
		};
		401256B41F947D06002C0F8B /* Model */ = {
			isa = PBXGroup;
			children = (
			);
			path = Model;
			sourceTree = "<group>";
		};
		401256B51F947D06002C0F8B /* Tools */ = {
			isa = PBXGroup;
			children = (
				401354631FB1594100854FA6 /* XPrint.swift */,
				401E8AE11FC2C0C700BB8839 /* XFoundation.swift */,
				401474B81FC5630F0045385E /* XConfigure.swift */,
			);
			path = Tools;
			sourceTree = "<group>";
		};
		401256B61F947D06002C0F8B /* PublicAssembly */ = {
			isa = PBXGroup;
			children = (
				401354651FB15AC800854FA6 /* PublicService */,
				4011B33E1F9EE07E00EFAF3B /* Login */,
				401256C91F94B24F002C0F8B /* CentralManage.swift */,
				4011B33C1F9ED57300EFAF3B /* BasicVC.swift */,
				4013546E1FB16D7B00854FA6 /* URLDataCenter.swift */,
				4010B1DA1FB49252006C3B4E /* URLCenter.swift */,
				401231CB1FC3D65000C2F1AE /* BasicWebVC.swift */,
			);
			path = PublicAssembly;
			sourceTree = "<group>";
		};
		401256B71F947D06002C0F8B /* UserCenter */ = {
			isa = PBXGroup;
			children = (
				401354681FB15AE400854FA6 /* Service */,
				401256B81F947D06002C0F8B /* Controller */,
				401256BA1F947D06002C0F8B /* Model */,
				401256BB1F947D06002C0F8B /* View */,
			);
			path = UserCenter;
			sourceTree = "<group>";
		};
		401256B81F947D06002C0F8B /* Controller */ = {
			isa = PBXGroup;
			children = (
				401256B91F947D06002C0F8B /* UserCenterVC.swift */,
				4045E6981FBC350E008052AA /* PersonalInfoVC.swift */,
				4045E69A1FBC46C8008052AA /* OrderManageVC.swift */,
				4045E69C1FBC472F008052AA /* RepayManageVC.swift */,
				4045E69E1FBC4756008052AA /* SetUpVC.swift */,
				401231C91FC3D34B00C2F1AE /* ModifyPasswordVC.swift */,
				401231CD1FC42F4B00C2F1AE /* AboutVC.swift */,
				401474BA1FC585E30045385E /* MessageCenterVC.swift */,
			);
			path = Controller;
			sourceTree = "<group>";
		};
		401256BA1F947D06002C0F8B /* Model */ = {
			isa = PBXGroup;
			children = (
				400F66F71FC45E40005F7EFC /* LoanOrderModel.swift */,
				402CE2C41FC9511800047C00 /* LoanProductsModel.swift */,
				402CE2CA1FCC269500047C00 /* UserCenterModel.swift */,
				402CE2CC1FCC26E300047C00 /* MessageCenterModel.swift */,
			);
			path = Model;
			sourceTree = "<group>";
		};
		401256BB1F947D06002C0F8B /* View */ = {
			isa = PBXGroup;
			children = (
				4014EE421FB72F9F0060B60E /* UserCenterHeaderView.swift */,
				406D2AE81FB9A30F005D7054 /* UserCenterCell1.swift */,
				406D2AE61FB9A2FC005D7054 /* UserCenterCell2.swift */,
				40111F8C1FBAADB000895908 /* UserCollectionViewCell.swift */,
				402CE2C81FCC059300047C00 /* MessageCenterCell.swift */,
			);
			path = View;
			sourceTree = "<group>";
		};
		401354651FB15AC800854FA6 /* PublicService */ = {
			isa = PBXGroup;
			children = (
				4013546A1FB15B2500854FA6 /* PublicService.swift */,
			);
			path = PublicService;
			sourceTree = "<group>";
		};
		401354661FB15AD300854FA6 /* Service */ = {
			isa = PBXGroup;
			children = (
			);
			path = Service;
			sourceTree = "<group>";
		};
		401354671FB15ADA00854FA6 /* Service */ = {
			isa = PBXGroup;
			children = (
			);
			path = Service;
			sourceTree = "<group>";
		};
		401354681FB15AE400854FA6 /* Service */ = {
			isa = PBXGroup;
			children = (
				4045E6A01FBC483B008052AA /* UserCenterService.swift */,
			);
			path = Service;
			sourceTree = "<group>";
		};
		401354691FB15AEB00854FA6 /* Service */ = {
			isa = PBXGroup;
			children = (
			);
			path = Service;
			sourceTree = "<group>";
		};
		4016614B1FAC12A1000D550E /* Account */ = {
			isa = PBXGroup;
			children = (
				401354691FB15AEB00854FA6 /* Service */,
				4016614C1FAC12A1000D550E /* Controller */,
				4016614D1FAC12A1000D550E /* Model */,
				4016614E1FAC12A1000D550E /* View */,
			);
			path = Account;
			sourceTree = "<group>";
		};
		4016614C1FAC12A1000D550E /* Controller */ = {
			isa = PBXGroup;
			children = (
				4016614F1FAC1323000D550E /* ForgetVC.swift */,
				401661511FAC135B000D550E /* RegisterVC.swift */,
			);
			path = Controller;
			sourceTree = "<group>";
		};
		4016614D1FAC12A1000D550E /* Model */ = {
			isa = PBXGroup;
			children = (
			);
			path = Model;
			sourceTree = "<group>";
		};
		4016614E1FAC12A1000D550E /* View */ = {
			isa = PBXGroup;
			children = (
			);
			path = View;
			sourceTree = "<group>";
		};
		4017EDB31F8E19690077B8E0 = {
			isa = PBXGroup;
			children = (
				4017EDBE1F8E196A0077B8E0 /* BorrowMoney */,
				4017EDD31F8E196A0077B8E0 /* BorrowMoneyTests */,
				4017EDDE1F8E196A0077B8E0 /* BorrowMoneyUITests */,
				4017EDBD1F8E196A0077B8E0 /* Products */,
				D91B5ECCA6968DA070262B67 /* Pods */,
				DEF4582A04F02B4443F90B3E /* Frameworks */,
			);
			sourceTree = "<group>";
		};
		4017EDBD1F8E196A0077B8E0 /* Products */ = {
			isa = PBXGroup;
			children = (
				4017EDBC1F8E196A0077B8E0 /* BorrowMoney.app */,
				4017EDD01F8E196A0077B8E0 /* BorrowMoneyTests.xctest */,
				4017EDDB1F8E196A0077B8E0 /* BorrowMoneyUITests.xctest */,
			);
			name = Products;
			sourceTree = "<group>";
		};
		4017EDBE1F8E196A0077B8E0 /* BorrowMoney */ = {
			isa = PBXGroup;
			children = (
				4012569E1F947D06002C0F8B /* Classes */,
				4017EDC61F8E196A0077B8E0 /* Assets.xcassets */,
				4017EDC81F8E196A0077B8E0 /* LaunchScreen.storyboard */,
				4017EDCB1F8E196A0077B8E0 /* Info.plist */,
			);
			path = BorrowMoney;
			sourceTree = "<group>";
		};
		4017EDD31F8E196A0077B8E0 /* BorrowMoneyTests */ = {
			isa = PBXGroup;
			children = (
				4017EDD41F8E196A0077B8E0 /* BorrowMoneyTests.swift */,
				4017EDD61F8E196A0077B8E0 /* Info.plist */,
			);
			path = BorrowMoneyTests;
			sourceTree = "<group>";
		};
		4017EDDE1F8E196A0077B8E0 /* BorrowMoneyUITests */ = {
			isa = PBXGroup;
			children = (
				4017EDDF1F8E196A0077B8E0 /* BorrowMoneyUITests.swift */,
				4017EDE11F8E196A0077B8E0 /* Info.plist */,
			);
			path = BorrowMoneyUITests;
			sourceTree = "<group>";
		};
		D91B5ECCA6968DA070262B67 /* Pods */ = {
			isa = PBXGroup;
			children = (
				CF58623B744DB930670B6B5D /* Pods-BorrowMoney.debug.xcconfig */,
				C30E7E8962F70FA8C295C3E8 /* Pods-BorrowMoney.release.xcconfig */,
			);
			name = Pods;
			sourceTree = "<group>";
		};
		DEF4582A04F02B4443F90B3E /* Frameworks */ = {
			isa = PBXGroup;
			children = (
				4017EDED1F8E1B790077B8E0 /* SDWebImage.framework */,
				4590E8911C82E60953B15D95 /* Pods_BorrowMoney.framework */,
			);
			name = Frameworks;
			sourceTree = "<group>";
		};
/* End PBXGroup section */

/* Begin PBXNativeTarget section */
		4017EDBB1F8E196A0077B8E0 /* BorrowMoney */ = {
			isa = PBXNativeTarget;
			buildConfigurationList = 4017EDE41F8E196A0077B8E0 /* Build configuration list for PBXNativeTarget "BorrowMoney" */;
			buildPhases = (
				2C7CD727AF4F178814219F53 /* [CP] Check Pods Manifest.lock */,
				4017EDB81F8E196A0077B8E0 /* Sources */,
				4017EDB91F8E196A0077B8E0 /* Frameworks */,
				4017EDBA1F8E196A0077B8E0 /* Resources */,
				1D41300008DA0D3083BDDBAC /* [CP] Embed Pods Frameworks */,
				4AEEB0B8AEB4AB1F45AFA5C9 /* [CP] Copy Pods Resources */,
			);
			buildRules = (
			);
			dependencies = (
			);
			name = BorrowMoney;
			productName = BorrowMoney;
			productReference = 4017EDBC1F8E196A0077B8E0 /* BorrowMoney.app */;
			productType = "com.apple.product-type.application";
		};
		4017EDCF1F8E196A0077B8E0 /* BorrowMoneyTests */ = {
			isa = PBXNativeTarget;
			buildConfigurationList = 4017EDE71F8E196A0077B8E0 /* Build configuration list for PBXNativeTarget "BorrowMoneyTests" */;
			buildPhases = (
				4017EDCC1F8E196A0077B8E0 /* Sources */,
				4017EDCD1F8E196A0077B8E0 /* Frameworks */,
				4017EDCE1F8E196A0077B8E0 /* Resources */,
			);
			buildRules = (
			);
			dependencies = (
				4017EDD21F8E196A0077B8E0 /* PBXTargetDependency */,
			);
			name = BorrowMoneyTests;
			productName = BorrowMoneyTests;
			productReference = 4017EDD01F8E196A0077B8E0 /* BorrowMoneyTests.xctest */;
			productType = "com.apple.product-type.bundle.unit-test";
		};
		4017EDDA1F8E196A0077B8E0 /* BorrowMoneyUITests */ = {
			isa = PBXNativeTarget;
			buildConfigurationList = 4017EDEA1F8E196A0077B8E0 /* Build configuration list for PBXNativeTarget "BorrowMoneyUITests" */;
			buildPhases = (
				4017EDD71F8E196A0077B8E0 /* Sources */,
				4017EDD81F8E196A0077B8E0 /* Frameworks */,
				4017EDD91F8E196A0077B8E0 /* Resources */,
			);
			buildRules = (
			);
			dependencies = (
				4017EDDD1F8E196A0077B8E0 /* PBXTargetDependency */,
			);
			name = BorrowMoneyUITests;
			productName = BorrowMoneyUITests;
			productReference = 4017EDDB1F8E196A0077B8E0 /* BorrowMoneyUITests.xctest */;
			productType = "com.apple.product-type.bundle.ui-testing";
		};
/* End PBXNativeTarget section */

/* Begin PBXProject section */
		4017EDB41F8E19690077B8E0 /* Project object */ = {
			isa = PBXProject;
			attributes = {
				LastSwiftUpdateCheck = 0830;
				LastUpgradeCheck = 0830;
				ORGANIZATIONNAME = sparrow;
				TargetAttributes = {
					4017EDBB1F8E196A0077B8E0 = {
						CreatedOnToolsVersion = 8.3.3;
						DevelopmentTeam = BB7E664454;
						ProvisioningStyle = Manual;
					};
					4017EDCF1F8E196A0077B8E0 = {
						CreatedOnToolsVersion = 8.3.3;
						ProvisioningStyle = Automatic;
						TestTargetID = 4017EDBB1F8E196A0077B8E0;
					};
					4017EDDA1F8E196A0077B8E0 = {
						CreatedOnToolsVersion = 8.3.3;
						ProvisioningStyle = Automatic;
						TestTargetID = 4017EDBB1F8E196A0077B8E0;
					};
				};
			};
			buildConfigurationList = 4017EDB71F8E19690077B8E0 /* Build configuration list for PBXProject "BorrowMoney" */;
			compatibilityVersion = "Xcode 3.2";
			developmentRegion = English;
			hasScannedForEncodings = 0;
			knownRegions = (
				en,
				Base,
			);
			mainGroup = 4017EDB31F8E19690077B8E0;
			productRefGroup = 4017EDBD1F8E196A0077B8E0 /* Products */;
			projectDirPath = "";
			projectRoot = "";
			targets = (
				4017EDBB1F8E196A0077B8E0 /* BorrowMoney */,
				4017EDCF1F8E196A0077B8E0 /* BorrowMoneyTests */,
				4017EDDA1F8E196A0077B8E0 /* BorrowMoneyUITests */,
			);
		};
/* End PBXProject section */

/* Begin PBXResourcesBuildPhase section */
		4017EDBA1F8E196A0077B8E0 /* Resources */ = {
			isa = PBXResourcesBuildPhase;
			buildActionMask = 2147483647;
			files = (
				4017EDCA1F8E196A0077B8E0 /* LaunchScreen.storyboard in Resources */,
				4017EDC71F8E196A0077B8E0 /* Assets.xcassets in Resources */,
			);
			runOnlyForDeploymentPostprocessing = 0;
		};
		4017EDCE1F8E196A0077B8E0 /* Resources */ = {
			isa = PBXResourcesBuildPhase;
			buildActionMask = 2147483647;
			files = (
			);
			runOnlyForDeploymentPostprocessing = 0;
		};
		4017EDD91F8E196A0077B8E0 /* Resources */ = {
			isa = PBXResourcesBuildPhase;
			buildActionMask = 2147483647;
			files = (
			);
			runOnlyForDeploymentPostprocessing = 0;
		};
/* End PBXResourcesBuildPhase section */

/* Begin PBXShellScriptBuildPhase section */
		1D41300008DA0D3083BDDBAC /* [CP] Embed Pods Frameworks */ = {
			isa = PBXShellScriptBuildPhase;
			buildActionMask = 2147483647;
			files = (
			);
			inputPaths = (
			);
			name = "[CP] Embed Pods Frameworks";
			outputPaths = (
			);
			runOnlyForDeploymentPostprocessing = 0;
			shellPath = /bin/sh;
			shellScript = "\"${SRCROOT}/Pods/Target Support Files/Pods-BorrowMoney/Pods-BorrowMoney-frameworks.sh\"\n";
			showEnvVarsInLog = 0;
		};
		2C7CD727AF4F178814219F53 /* [CP] Check Pods Manifest.lock */ = {
			isa = PBXShellScriptBuildPhase;
			buildActionMask = 2147483647;
			files = (
			);
			inputPaths = (
			);
			name = "[CP] Check Pods Manifest.lock";
			outputPaths = (
			);
			runOnlyForDeploymentPostprocessing = 0;
			shellPath = /bin/sh;
			shellScript = "diff \"${PODS_ROOT}/../Podfile.lock\" \"${PODS_ROOT}/Manifest.lock\" > /dev/null\nif [ $? != 0 ] ; then\n    # print error to STDERR\n    echo \"error: The sandbox is not in sync with the Podfile.lock. Run 'pod install' or update your CocoaPods installation.\" >&2\n    exit 1\nfi\n";
			showEnvVarsInLog = 0;
		};
		4AEEB0B8AEB4AB1F45AFA5C9 /* [CP] Copy Pods Resources */ = {
			isa = PBXShellScriptBuildPhase;
			buildActionMask = 2147483647;
			files = (
			);
			inputPaths = (
			);
			name = "[CP] Copy Pods Resources";
			outputPaths = (
			);
			runOnlyForDeploymentPostprocessing = 0;
			shellPath = /bin/sh;
			shellScript = "\"${SRCROOT}/Pods/Target Support Files/Pods-BorrowMoney/Pods-BorrowMoney-resources.sh\"\n";
			showEnvVarsInLog = 0;
		};
/* End PBXShellScriptBuildPhase section */

/* Begin PBXSourcesBuildPhase section */
		4017EDB81F8E196A0077B8E0 /* Sources */ = {
			isa = PBXSourcesBuildPhase;
			buildActionMask = 2147483647;
			files = (
				401256BF1F947D06002C0F8B /* NaviBarView.swift in Sources */,
				401256BE1F947D06002C0F8B /* CustomNavigationController.swift in Sources */,
				400F66F81FC45E40005F7EFC /* LoanOrderModel.swift in Sources */,
				4013546B1FB15B2500854FA6 /* PublicService.swift in Sources */,
				401E8AE21FC2C0C700BB8839 /* XFoundation.swift in Sources */,
				401138A01FB53AD300640834 /* GraphicView.swift in Sources */,
				401256C41F947D06002C0F8B /* UserCenterVC.swift in Sources */,
				401256BD1F947D06002C0F8B /* BorrowMoney.swift in Sources */,
				402CE2CD1FCC26E300047C00 /* MessageCenterModel.swift in Sources */,
				4045E69F1FBC4756008052AA /* SetUpVC.swift in Sources */,
				4045E6A11FBC483B008052AA /* UserCenterService.swift in Sources */,
				401231CE1FC42F4B00C2F1AE /* AboutVC.swift in Sources */,
				401661501FAC1323000D550E /* ForgetVC.swift in Sources */,
				402CE2C91FCC059300047C00 /* MessageCenterCell.swift in Sources */,
				4011B3421F9EE96C00EFAF3B /* LoginSegmentedView.swift in Sources */,
				4013546F1FB16D7B00854FA6 /* URLDataCenter.swift in Sources */,
				4045E6991FBC350E008052AA /* PersonalInfoVC.swift in Sources */,
				4045E69B1FBC46C8008052AA /* OrderManageVC.swift in Sources */,
				401661581FAC554E000D550E /* AlamofireManager.swift in Sources */,
				402CE2C51FC9511800047C00 /* LoanProductsModel.swift in Sources */,
				401256C31F947D06002C0F8B /* UIColor+Extension.swift in Sources */,
				401256C11F947D06002C0F8B /* HomePageVC.swift in Sources */,
				4013ED681FB4067D00A79E10 /* String+Extension.swift in Sources */,
				401138A21FB565EA00640834 /* ErrorInfo.swift in Sources */,
				406D2AE91FB9A30F005D7054 /* UserCenterCell1.swift in Sources */,
				4045E69D1FBC472F008052AA /* RepayManageVC.swift in Sources */,
				401256C01F947D06002C0F8B /* TabBarController.swift in Sources */,
				401138A51FB5999800640834 /* UserModel.swift in Sources */,
				401474B91FC5630F0045385E /* XConfigure.swift in Sources */,
				40120E7E1FBE7DF80075BD6D /* NSArray+Extension.swift in Sources */,
				4010B1DB1FB49252006C3B4E /* URLCenter.swift in Sources */,
				401256CA1F94B24F002C0F8B /* CentralManage.swift in Sources */,
				4011B33D1F9ED57300EFAF3B /* BasicVC.swift in Sources */,
				401256C21F947D06002C0F8B /* LoanBooksVC.swift in Sources */,
				401256BC1F947D06002C0F8B /* AppDelegate.swift in Sources */,
				4014EE431FB72F9F0060B60E /* UserCenterHeaderView.swift in Sources */,
				402CE2CB1FCC269500047C00 /* UserCenterModel.swift in Sources */,
				406D2ADE1FB957A8005D7054 /* UIImage+Extension.swift in Sources */,
				401661521FAC135B000D550E /* RegisterVC.swift in Sources */,
				40EBADB41FAB272900DFC4B9 /* LoginInfoView.swift in Sources */,
				4011B3401F9EE07E00EFAF3B /* LoginVC.swift in Sources */,
				401474BB1FC585E30045385E /* MessageCenterVC.swift in Sources */,
				406D2AE71FB9A2FC005D7054 /* UserCenterCell2.swift in Sources */,
				401474B71FC518340045385E /* NSDictionary+Extension.swift in Sources */,
				401E8AEA1FC2DED300BB8839 /* NSObject+Extension.swift in Sources */,
				401354641FB1594100854FA6 /* XPrint.swift in Sources */,
				401231CA1FC3D34B00C2F1AE /* ModifyPasswordVC.swift in Sources */,
				40111F8D1FBAADB000895908 /* UserCollectionViewCell.swift in Sources */,
				401661561FAC1ACB000D550E /* LoginFooterView.swift in Sources */,
				401231CC1FC3D65000C2F1AE /* BasicWebVC.swift in Sources */,
				4014EE411FB6C8870060B60E /* UserDefaults+Extension.swift in Sources */,
			);
			runOnlyForDeploymentPostprocessing = 0;
		};
		4017EDCC1F8E196A0077B8E0 /* Sources */ = {
			isa = PBXSourcesBuildPhase;
			buildActionMask = 2147483647;
			files = (
				4017EDD51F8E196A0077B8E0 /* BorrowMoneyTests.swift in Sources */,
			);
			runOnlyForDeploymentPostprocessing = 0;
		};
		4017EDD71F8E196A0077B8E0 /* Sources */ = {
			isa = PBXSourcesBuildPhase;
			buildActionMask = 2147483647;
			files = (
				4017EDE01F8E196A0077B8E0 /* BorrowMoneyUITests.swift in Sources */,
			);
			runOnlyForDeploymentPostprocessing = 0;
		};
/* End PBXSourcesBuildPhase section */

/* Begin PBXTargetDependency section */
		4017EDD21F8E196A0077B8E0 /* PBXTargetDependency */ = {
			isa = PBXTargetDependency;
			target = 4017EDBB1F8E196A0077B8E0 /* BorrowMoney */;
			targetProxy = 4017EDD11F8E196A0077B8E0 /* PBXContainerItemProxy */;
		};
		4017EDDD1F8E196A0077B8E0 /* PBXTargetDependency */ = {
			isa = PBXTargetDependency;
			target = 4017EDBB1F8E196A0077B8E0 /* BorrowMoney */;
			targetProxy = 4017EDDC1F8E196A0077B8E0 /* PBXContainerItemProxy */;
		};
/* End PBXTargetDependency section */

/* Begin PBXVariantGroup section */
		4017EDC81F8E196A0077B8E0 /* LaunchScreen.storyboard */ = {
			isa = PBXVariantGroup;
			children = (
				4017EDC91F8E196A0077B8E0 /* Base */,
			);
			name = LaunchScreen.storyboard;
			sourceTree = "<group>";
		};
/* End PBXVariantGroup section */

/* Begin XCBuildConfiguration section */
		4017EDE21F8E196A0077B8E0 /* Debug */ = {
			isa = XCBuildConfiguration;
			buildSettings = {
				ALWAYS_SEARCH_USER_PATHS = NO;
				CLANG_ANALYZER_NONNULL = YES;
				CLANG_ANALYZER_NUMBER_OBJECT_CONVERSION = YES_AGGRESSIVE;
				CLANG_CXX_LANGUAGE_STANDARD = "gnu++0x";
				CLANG_CXX_LIBRARY = "libc++";
				CLANG_ENABLE_MODULES = YES;
				CLANG_ENABLE_OBJC_ARC = YES;
				CLANG_WARN_BOOL_CONVERSION = YES;
				CLANG_WARN_CONSTANT_CONVERSION = YES;
				CLANG_WARN_DIRECT_OBJC_ISA_USAGE = YES_ERROR;
				CLANG_WARN_DOCUMENTATION_COMMENTS = YES;
				CLANG_WARN_EMPTY_BODY = YES;
				CLANG_WARN_ENUM_CONVERSION = YES;
				CLANG_WARN_INFINITE_RECURSION = YES;
				CLANG_WARN_INT_CONVERSION = YES;
				CLANG_WARN_OBJC_ROOT_CLASS = YES_ERROR;
				CLANG_WARN_SUSPICIOUS_MOVE = YES;
				CLANG_WARN_UNREACHABLE_CODE = YES;
				CLANG_WARN__DUPLICATE_METHOD_MATCH = YES;
				"CODE_SIGN_IDENTITY[sdk=iphoneos*]" = "iPhone Developer";
				COPY_PHASE_STRIP = NO;
				DEBUG_INFORMATION_FORMAT = dwarf;
				ENABLE_STRICT_OBJC_MSGSEND = YES;
				ENABLE_TESTABILITY = YES;
				GCC_C_LANGUAGE_STANDARD = gnu99;
				GCC_DYNAMIC_NO_PIC = NO;
				GCC_NO_COMMON_BLOCKS = YES;
				GCC_OPTIMIZATION_LEVEL = 0;
				GCC_PREPROCESSOR_DEFINITIONS = (
					"DEBUG=1",
					"$(inherited)",
				);
				GCC_WARN_64_TO_32_BIT_CONVERSION = YES;
				GCC_WARN_ABOUT_RETURN_TYPE = YES_ERROR;
				GCC_WARN_UNDECLARED_SELECTOR = YES;
				GCC_WARN_UNINITIALIZED_AUTOS = YES_AGGRESSIVE;
				GCC_WARN_UNUSED_FUNCTION = YES;
				GCC_WARN_UNUSED_VARIABLE = YES;
				IPHONEOS_DEPLOYMENT_TARGET = 10.3;
				MTL_ENABLE_DEBUG_INFO = YES;
				ONLY_ACTIVE_ARCH = YES;
				SDKROOT = iphoneos;
				SWIFT_ACTIVE_COMPILATION_CONDITIONS = DEBUG;
				SWIFT_OPTIMIZATION_LEVEL = "-Onone";
				TARGETED_DEVICE_FAMILY = "1,2";
			};
			name = Debug;
		};
		4017EDE31F8E196A0077B8E0 /* Release */ = {
			isa = XCBuildConfiguration;
			buildSettings = {
				ALWAYS_SEARCH_USER_PATHS = NO;
				CLANG_ANALYZER_NONNULL = YES;
				CLANG_ANALYZER_NUMBER_OBJECT_CONVERSION = YES_AGGRESSIVE;
				CLANG_CXX_LANGUAGE_STANDARD = "gnu++0x";
				CLANG_CXX_LIBRARY = "libc++";
				CLANG_ENABLE_MODULES = YES;
				CLANG_ENABLE_OBJC_ARC = YES;
				CLANG_WARN_BOOL_CONVERSION = YES;
				CLANG_WARN_CONSTANT_CONVERSION = YES;
				CLANG_WARN_DIRECT_OBJC_ISA_USAGE = YES_ERROR;
				CLANG_WARN_DOCUMENTATION_COMMENTS = YES;
				CLANG_WARN_EMPTY_BODY = YES;
				CLANG_WARN_ENUM_CONVERSION = YES;
				CLANG_WARN_INFINITE_RECURSION = YES;
				CLANG_WARN_INT_CONVERSION = YES;
				CLANG_WARN_OBJC_ROOT_CLASS = YES_ERROR;
				CLANG_WARN_SUSPICIOUS_MOVE = YES;
				CLANG_WARN_UNREACHABLE_CODE = YES;
				CLANG_WARN__DUPLICATE_METHOD_MATCH = YES;
				"CODE_SIGN_IDENTITY[sdk=iphoneos*]" = "iPhone Developer";
				COPY_PHASE_STRIP = NO;
				DEBUG_INFORMATION_FORMAT = "dwarf-with-dsym";
				ENABLE_NS_ASSERTIONS = NO;
				ENABLE_STRICT_OBJC_MSGSEND = YES;
				GCC_C_LANGUAGE_STANDARD = gnu99;
				GCC_NO_COMMON_BLOCKS = YES;
				GCC_WARN_64_TO_32_BIT_CONVERSION = YES;
				GCC_WARN_ABOUT_RETURN_TYPE = YES_ERROR;
				GCC_WARN_UNDECLARED_SELECTOR = YES;
				GCC_WARN_UNINITIALIZED_AUTOS = YES_AGGRESSIVE;
				GCC_WARN_UNUSED_FUNCTION = YES;
				GCC_WARN_UNUSED_VARIABLE = YES;
				IPHONEOS_DEPLOYMENT_TARGET = 10.3;
				MTL_ENABLE_DEBUG_INFO = NO;
				SDKROOT = iphoneos;
				SWIFT_OPTIMIZATION_LEVEL = "-Owholemodule";
				TARGETED_DEVICE_FAMILY = "1,2";
				VALIDATE_PRODUCT = YES;
			};
			name = Release;
		};
		4017EDE51F8E196A0077B8E0 /* Debug */ = {
			isa = XCBuildConfiguration;
			baseConfigurationReference = CF58623B744DB930670B6B5D /* Pods-BorrowMoney.debug.xcconfig */;
			buildSettings = {
				ASSETCATALOG_COMPILER_APPICON_NAME = AppIcon;
				"CODE_SIGN_IDENTITY[sdk=iphoneos*]" = "iPhone Developer";
				DEVELOPMENT_TEAM = BB7E664454;
				FRAMEWORK_SEARCH_PATHS = (
					"$(inherited)",
					"$(PROJECT_DIR)/build/Debug-iphoneos/SDWebImage",
				);
				INFOPLIST_FILE = BorrowMoney/Info.plist;
				IPHONEOS_DEPLOYMENT_TARGET = 8.0;
				LD_RUNPATH_SEARCH_PATHS = "$(inherited) @executable_path/Frameworks";
				PRODUCT_BUNDLE_IDENTIFIER = BorrowMoney;
				PRODUCT_NAME = "$(TARGET_NAME)";
				PROVISIONING_PROFILE = "";
				PROVISIONING_PROFILE_SPECIFIER = "";
				SWIFT_OBJC_BRIDGING_HEADER = "$(SRCROOT)/BorrowMoney/Classes/Base/Bridging-Header.h";
				SWIFT_VERSION = 3.0;
				USER_HEADER_SEARCH_PATHS = "${SRCROOT}/**";
			};
			name = Debug;
		};
		4017EDE61F8E196A0077B8E0 /* Release */ = {
			isa = XCBuildConfiguration;
			baseConfigurationReference = C30E7E8962F70FA8C295C3E8 /* Pods-BorrowMoney.release.xcconfig */;
			buildSettings = {
				ASSETCATALOG_COMPILER_APPICON_NAME = AppIcon;
				CODE_SIGN_IDENTITY = "";
				"CODE_SIGN_IDENTITY[sdk=iphoneos*]" = "iPhone Developer";
				DEVELOPMENT_TEAM = BB7E664454;
				FRAMEWORK_SEARCH_PATHS = (
					"$(inherited)",
					"$(PROJECT_DIR)/build/Debug-iphoneos/SDWebImage",
				);
				INFOPLIST_FILE = BorrowMoney/Info.plist;
				IPHONEOS_DEPLOYMENT_TARGET = 8.0;
				LD_RUNPATH_SEARCH_PATHS = "$(inherited) @executable_path/Frameworks";
				PRODUCT_BUNDLE_IDENTIFIER = BorrowMoney;
				PRODUCT_NAME = "$(TARGET_NAME)";
				PROVISIONING_PROFILE = "";
				PROVISIONING_PROFILE_SPECIFIER = "";
				SWIFT_OBJC_BRIDGING_HEADER = "$(SRCROOT)/BorrowMoney/Classes/Base/Bridging-Header.h";
				SWIFT_VERSION = 3.0;
				USER_HEADER_SEARCH_PATHS = "${SRCROOT}/**";
			};
			name = Release;
		};
		4017EDE81F8E196A0077B8E0 /* Debug */ = {
			isa = XCBuildConfiguration;
			buildSettings = {
				ALWAYS_EMBED_SWIFT_STANDARD_LIBRARIES = YES;
				BUNDLE_LOADER = "$(TEST_HOST)";
				INFOPLIST_FILE = BorrowMoneyTests/Info.plist;
				LD_RUNPATH_SEARCH_PATHS = "$(inherited) @executable_path/Frameworks @loader_path/Frameworks";
				PRODUCT_BUNDLE_IDENTIFIER = com.sparrow.www.BorrowMoneyTests;
				PRODUCT_NAME = "$(TARGET_NAME)";
				SWIFT_VERSION = 3.0;
				TEST_HOST = "$(BUILT_PRODUCTS_DIR)/BorrowMoney.app/BorrowMoney";
			};
			name = Debug;
		};
		4017EDE91F8E196A0077B8E0 /* Release */ = {
			isa = XCBuildConfiguration;
			buildSettings = {
				ALWAYS_EMBED_SWIFT_STANDARD_LIBRARIES = YES;
				BUNDLE_LOADER = "$(TEST_HOST)";
				INFOPLIST_FILE = BorrowMoneyTests/Info.plist;
				LD_RUNPATH_SEARCH_PATHS = "$(inherited) @executable_path/Frameworks @loader_path/Frameworks";
				PRODUCT_BUNDLE_IDENTIFIER = com.sparrow.www.BorrowMoneyTests;
				PRODUCT_NAME = "$(TARGET_NAME)";
				SWIFT_VERSION = 3.0;
				TEST_HOST = "$(BUILT_PRODUCTS_DIR)/BorrowMoney.app/BorrowMoney";
			};
			name = Release;
		};
		4017EDEB1F8E196A0077B8E0 /* Debug */ = {
			isa = XCBuildConfiguration;
			buildSettings = {
				ALWAYS_EMBED_SWIFT_STANDARD_LIBRARIES = YES;
				INFOPLIST_FILE = BorrowMoneyUITests/Info.plist;
				LD_RUNPATH_SEARCH_PATHS = "$(inherited) @executable_path/Frameworks @loader_path/Frameworks";
				PRODUCT_BUNDLE_IDENTIFIER = com.sparrow.www.BorrowMoneyUITests;
				PRODUCT_NAME = "$(TARGET_NAME)";
				SWIFT_VERSION = 3.0;
				TEST_TARGET_NAME = BorrowMoney;
			};
			name = Debug;
		};
		4017EDEC1F8E196A0077B8E0 /* Release */ = {
			isa = XCBuildConfiguration;
			buildSettings = {
				ALWAYS_EMBED_SWIFT_STANDARD_LIBRARIES = YES;
				INFOPLIST_FILE = BorrowMoneyUITests/Info.plist;
				LD_RUNPATH_SEARCH_PATHS = "$(inherited) @executable_path/Frameworks @loader_path/Frameworks";
				PRODUCT_BUNDLE_IDENTIFIER = com.sparrow.www.BorrowMoneyUITests;
				PRODUCT_NAME = "$(TARGET_NAME)";
				SWIFT_VERSION = 3.0;
				TEST_TARGET_NAME = BorrowMoney;
			};
			name = Release;
		};
/* End XCBuildConfiguration section */

/* Begin XCConfigurationList section */
		4017EDB71F8E19690077B8E0 /* Build configuration list for PBXProject "BorrowMoney" */ = {
			isa = XCConfigurationList;
			buildConfigurations = (
				4017EDE21F8E196A0077B8E0 /* Debug */,
				4017EDE31F8E196A0077B8E0 /* Release */,
			);
			defaultConfigurationIsVisible = 0;
			defaultConfigurationName = Release;
		};
		4017EDE41F8E196A0077B8E0 /* Build configuration list for PBXNativeTarget "BorrowMoney" */ = {
			isa = XCConfigurationList;
			buildConfigurations = (
				4017EDE51F8E196A0077B8E0 /* Debug */,
				4017EDE61F8E196A0077B8E0 /* Release */,
			);
			defaultConfigurationIsVisible = 0;
			defaultConfigurationName = Release;
		};
		4017EDE71F8E196A0077B8E0 /* Build configuration list for PBXNativeTarget "BorrowMoneyTests" */ = {
			isa = XCConfigurationList;
			buildConfigurations = (
				4017EDE81F8E196A0077B8E0 /* Debug */,
				4017EDE91F8E196A0077B8E0 /* Release */,
			);
			defaultConfigurationIsVisible = 0;
			defaultConfigurationName = Release;
		};
		4017EDEA1F8E196A0077B8E0 /* Build configuration list for PBXNativeTarget "BorrowMoneyUITests" */ = {
			isa = XCConfigurationList;
			buildConfigurations = (
				4017EDEB1F8E196A0077B8E0 /* Debug */,
				4017EDEC1F8E196A0077B8E0 /* Release */,
			);
			defaultConfigurationIsVisible = 0;
			defaultConfigurationName = Release;
		};
/* End XCConfigurationList section */
	};
	rootObject = 4017EDB41F8E19690077B8E0 /* Project object */;
}
