// !$*UTF8*$!
{
	archiveVersion = 1;
	classes = {
	};
	objectVersion = 46;
	objects = {

/* Begin PBXBuildFile section */
		1E5657E5BDC108A4BF39A17D /* Pods_BorrowMoney.framework in Frameworks */ = {isa = PBXBuildFile; fileRef = 4590E8911C82E60953B15D95 /* Pods_BorrowMoney.framework */; };
		4009B93B204E5AB100F72455 /* OrderManageCell.swift in Sources */ = {isa = PBXBuildFile; fileRef = 4009B93A204E5AB100F72455 /* OrderManageCell.swift */; };
		4009B93D204E5C1A00F72455 /* OrderDetailVC.swift in Sources */ = {isa = PBXBuildFile; fileRef = 4009B93C204E5C1A00F72455 /* OrderDetailVC.swift */; };
		4009B93F204E7C8100F72455 /* OrderManageModel.swift in Sources */ = {isa = PBXBuildFile; fileRef = 4009B93E204E7C8100F72455 /* OrderManageModel.swift */; };
		400B42B01FD12461009B4EE0 /* HomePageService.swift in Sources */ = {isa = PBXBuildFile; fileRef = 400B42AF1FD12461009B4EE0 /* HomePageService.swift */; };
		400B42B21FD12B97009B4EE0 /* BannerModel.swift in Sources */ = {isa = PBXBuildFile; fileRef = 400B42B11FD12B97009B4EE0 /* BannerModel.swift */; };
		400B42B41FD14326009B4EE0 /* HotLoanModel.swift in Sources */ = {isa = PBXBuildFile; fileRef = 400B42B31FD14326009B4EE0 /* HotLoanModel.swift */; };
		4011FE541FF22B12006CC349 /* DropdownView.swift in Sources */ = {isa = PBXBuildFile; fileRef = 4011FE531FF22B12006CC349 /* DropdownView.swift */; };
		4011FE561FF2590A006CC349 /* DropViewCell.swift in Sources */ = {isa = PBXBuildFile; fileRef = 4011FE551FF2590A006CC349 /* DropViewCell.swift */; };
		40142AA92047AAA100A181C5 /* UIAlertView+Extension.swift in Sources */ = {isa = PBXBuildFile; fileRef = 40142AA82047AAA100A181C5 /* UIAlertView+Extension.swift */; };
		40142AAE2047F90F00A181C5 /* BankNameModel.swift in Sources */ = {isa = PBXBuildFile; fileRef = 40142AAD2047F90F00A181C5 /* BankNameModel.swift */; };
		4017EDC71F8E196A0077B8E0 /* Assets.xcassets in Resources */ = {isa = PBXBuildFile; fileRef = 4017EDC61F8E196A0077B8E0 /* Assets.xcassets */; };
		4017EDCA1F8E196A0077B8E0 /* LaunchScreen.storyboard in Resources */ = {isa = PBXBuildFile; fileRef = 4017EDC81F8E196A0077B8E0 /* LaunchScreen.storyboard */; };
		4017EDD51F8E196A0077B8E0 /* BorrowMoneyTests.swift in Sources */ = {isa = PBXBuildFile; fileRef = 4017EDD41F8E196A0077B8E0 /* BorrowMoneyTests.swift */; };
		4017EDE01F8E196A0077B8E0 /* BorrowMoneyUITests.swift in Sources */ = {isa = PBXBuildFile; fileRef = 4017EDDF1F8E196A0077B8E0 /* BorrowMoneyUITests.swift */; };
		401A97C4204D7DA8005826CC /* OrderHeaderView.swift in Sources */ = {isa = PBXBuildFile; fileRef = 401A97C3204D7DA8005826CC /* OrderHeaderView.swift */; };
		401D9ABB1FD694E70038A860 /* LoanBooksHeaderView.swift in Sources */ = {isa = PBXBuildFile; fileRef = 401D9ABA1FD694E70038A860 /* LoanBooksHeaderView.swift */; };
		401E56D62049537400C73CBE /* DisCountViewCell.swift in Sources */ = {isa = PBXBuildFile; fileRef = 401E56D52049537400C73CBE /* DisCountViewCell.swift */; };
		401E56D82049590300C73CBE /* DiscountModel.swift in Sources */ = {isa = PBXBuildFile; fileRef = 401E56D72049590300C73CBE /* DiscountModel.swift */; };
		401F8BAD1FCEDF1800298DD4 /* ForgetVC.swift in Sources */ = {isa = PBXBuildFile; fileRef = 401F8B591FCEDF1800298DD4 /* ForgetVC.swift */; };
		401F8BAE1FCEDF1800298DD4 /* RegisterVC.swift in Sources */ = {isa = PBXBuildFile; fileRef = 401F8B5A1FCEDF1800298DD4 /* RegisterVC.swift */; };
		401F8BAF1FCEDF1800298DD4 /* AlamofireManager.swift in Sources */ = {isa = PBXBuildFile; fileRef = 401F8B5F1FCEDF1800298DD4 /* AlamofireManager.swift */; };
		401F8BB01FCEDF1800298DD4 /* AppDelegate.swift in Sources */ = {isa = PBXBuildFile; fileRef = 401F8B601FCEDF1800298DD4 /* AppDelegate.swift */; };
		401F8BB11FCEDF1800298DD4 /* BorrowMoney.swift in Sources */ = {isa = PBXBuildFile; fileRef = 401F8B611FCEDF1800298DD4 /* BorrowMoney.swift */; };
		401F8BB21FCEDF1800298DD4 /* CustomNavigationController.swift in Sources */ = {isa = PBXBuildFile; fileRef = 401F8B631FCEDF1800298DD4 /* CustomNavigationController.swift */; };
		401F8BB31FCEDF1800298DD4 /* ErrorInfo.swift in Sources */ = {isa = PBXBuildFile; fileRef = 401F8B641FCEDF1800298DD4 /* ErrorInfo.swift */; };
		401F8BB41FCEDF1800298DD4 /* NaviBarView.swift in Sources */ = {isa = PBXBuildFile; fileRef = 401F8B651FCEDF1800298DD4 /* NaviBarView.swift */; };
		401F8BB51FCEDF1800298DD4 /* TabBarController.swift in Sources */ = {isa = PBXBuildFile; fileRef = 401F8B661FCEDF1800298DD4 /* TabBarController.swift */; };
		401F8BB61FCEDF1800298DD4 /* HomePageVC.swift in Sources */ = {isa = PBXBuildFile; fileRef = 401F8B691FCEDF1800298DD4 /* HomePageVC.swift */; };
		401F8BB71FCEDF1800298DD4 /* LoanBooksVC.swift in Sources */ = {isa = PBXBuildFile; fileRef = 401F8B6F1FCEDF1800298DD4 /* LoanBooksVC.swift */; };
		401F8BB81FCEDF1800298DD4 /* NSArray+Extension.swift in Sources */ = {isa = PBXBuildFile; fileRef = 401F8B751FCEDF1800298DD4 /* NSArray+Extension.swift */; };
		401F8BB91FCEDF1800298DD4 /* NSDictionary+Extension.swift in Sources */ = {isa = PBXBuildFile; fileRef = 401F8B761FCEDF1800298DD4 /* NSDictionary+Extension.swift */; };
		401F8BBA1FCEDF1800298DD4 /* NSObject+Extension.swift in Sources */ = {isa = PBXBuildFile; fileRef = 401F8B771FCEDF1800298DD4 /* NSObject+Extension.swift */; };
		401F8BBB1FCEDF1800298DD4 /* String+Extension.swift in Sources */ = {isa = PBXBuildFile; fileRef = 401F8B781FCEDF1800298DD4 /* String+Extension.swift */; };
		401F8BBC1FCEDF1800298DD4 /* UIColor+Extension.swift in Sources */ = {isa = PBXBuildFile; fileRef = 401F8B791FCEDF1800298DD4 /* UIColor+Extension.swift */; };
		401F8BBD1FCEDF1800298DD4 /* UIImage+Extension.swift in Sources */ = {isa = PBXBuildFile; fileRef = 401F8B7A1FCEDF1800298DD4 /* UIImage+Extension.swift */; };
		401F8BBE1FCEDF1800298DD4 /* UserDefaults+Extension.swift in Sources */ = {isa = PBXBuildFile; fileRef = 401F8B7B1FCEDF1800298DD4 /* UserDefaults+Extension.swift */; };
		401F8BBF1FCEDF1800298DD4 /* XConfigure.swift in Sources */ = {isa = PBXBuildFile; fileRef = 401F8B7F1FCEDF1800298DD4 /* XConfigure.swift */; };
		401F8BC01FCEDF1800298DD4 /* XFoundation.swift in Sources */ = {isa = PBXBuildFile; fileRef = 401F8B801FCEDF1800298DD4 /* XFoundation.swift */; };
		401F8BC11FCEDF1800298DD4 /* XPrint.swift in Sources */ = {isa = PBXBuildFile; fileRef = 401F8B811FCEDF1800298DD4 /* XPrint.swift */; };
		401F8BC51FCEDF1800298DD4 /* GraphicView.swift in Sources */ = {isa = PBXBuildFile; fileRef = 401F8B871FCEDF1800298DD4 /* GraphicView.swift */; };
		401F8BC61FCEDF1800298DD4 /* LoginFooterView.swift in Sources */ = {isa = PBXBuildFile; fileRef = 401F8B881FCEDF1800298DD4 /* LoginFooterView.swift */; };
		401F8BC71FCEDF1800298DD4 /* LoginInfoView.swift in Sources */ = {isa = PBXBuildFile; fileRef = 401F8B891FCEDF1800298DD4 /* LoginInfoView.swift */; };
		401F8BC81FCEDF1800298DD4 /* LoginSegmentedView.swift in Sources */ = {isa = PBXBuildFile; fileRef = 401F8B8A1FCEDF1800298DD4 /* LoginSegmentedView.swift */; };
		401F8BC91FCEDF1800298DD4 /* LoginVC.swift in Sources */ = {isa = PBXBuildFile; fileRef = 401F8B8B1FCEDF1800298DD4 /* LoginVC.swift */; };
		401F8BCA1FCEDF1800298DD4 /* UserModel.swift in Sources */ = {isa = PBXBuildFile; fileRef = 401F8B8C1FCEDF1800298DD4 /* UserModel.swift */; };
		401F8BCB1FCEDF1800298DD4 /* PublicService.swift in Sources */ = {isa = PBXBuildFile; fileRef = 401F8B8E1FCEDF1800298DD4 /* PublicService.swift */; };
		401F8BCE1FCEDF1800298DD4 /* AboutVC.swift in Sources */ = {isa = PBXBuildFile; fileRef = 401F8B931FCEDF1800298DD4 /* AboutVC.swift */; };
		401F8BCF1FCEDF1800298DD4 /* BillDetailVC.swift in Sources */ = {isa = PBXBuildFile; fileRef = 401F8B941FCEDF1800298DD4 /* BillDetailVC.swift */; };
		401F8BD01FCEDF1800298DD4 /* MessageCenterVC.swift in Sources */ = {isa = PBXBuildFile; fileRef = 401F8B951FCEDF1800298DD4 /* MessageCenterVC.swift */; };
		401F8BD11FCEDF1800298DD4 /* ModifyPasswordVC.swift in Sources */ = {isa = PBXBuildFile; fileRef = 401F8B961FCEDF1800298DD4 /* ModifyPasswordVC.swift */; };
		401F8BD21FCEDF1800298DD4 /* OrderManageVC.swift in Sources */ = {isa = PBXBuildFile; fileRef = 401F8B971FCEDF1800298DD4 /* OrderManageVC.swift */; };
		401F8BD31FCEDF1800298DD4 /* PersonalInfoVC.swift in Sources */ = {isa = PBXBuildFile; fileRef = 401F8B981FCEDF1800298DD4 /* PersonalInfoVC.swift */; };
		401F8BD41FCEDF1800298DD4 /* RepayManageVC.swift in Sources */ = {isa = PBXBuildFile; fileRef = 401F8B991FCEDF1800298DD4 /* RepayManageVC.swift */; };
		401F8BD51FCEDF1800298DD4 /* RepayRecordVC.swift in Sources */ = {isa = PBXBuildFile; fileRef = 401F8B9A1FCEDF1800298DD4 /* RepayRecordVC.swift */; };
		401F8BD61FCEDF1800298DD4 /* SetUpVC.swift in Sources */ = {isa = PBXBuildFile; fileRef = 401F8B9B1FCEDF1800298DD4 /* SetUpVC.swift */; };
		401F8BD71FCEDF1800298DD4 /* UserCenterVC.swift in Sources */ = {isa = PBXBuildFile; fileRef = 401F8B9C1FCEDF1800298DD4 /* UserCenterVC.swift */; };
		401F8BD81FCEDF1800298DD4 /* LoanManageModel.swift in Sources */ = {isa = PBXBuildFile; fileRef = 401F8B9E1FCEDF1800298DD4 /* LoanManageModel.swift */; };
		401F8BD91FCEDF1800298DD4 /* LoanOrderModel.swift in Sources */ = {isa = PBXBuildFile; fileRef = 401F8B9F1FCEDF1800298DD4 /* LoanOrderModel.swift */; };
		401F8BDA1FCEDF1800298DD4 /* LoanProductsModel.swift in Sources */ = {isa = PBXBuildFile; fileRef = 401F8BA01FCEDF1800298DD4 /* LoanProductsModel.swift */; };
		401F8BDB1FCEDF1800298DD4 /* MessageCenterModel.swift in Sources */ = {isa = PBXBuildFile; fileRef = 401F8BA11FCEDF1800298DD4 /* MessageCenterModel.swift */; };
		401F8BDC1FCEDF1800298DD4 /* UserCenterModel.swift in Sources */ = {isa = PBXBuildFile; fileRef = 401F8BA21FCEDF1800298DD4 /* UserCenterModel.swift */; };
		401F8BDD1FCEDF1800298DD4 /* UserCenterService.swift in Sources */ = {isa = PBXBuildFile; fileRef = 401F8BA41FCEDF1800298DD4 /* UserCenterService.swift */; };
		401F8BDE1FCEDF1800298DD4 /* MessageCenterCell.swift in Sources */ = {isa = PBXBuildFile; fileRef = 401F8BA61FCEDF1800298DD4 /* MessageCenterCell.swift */; };
		401F8BDF1FCEDF1800298DD4 /* RepayManageCell.swift in Sources */ = {isa = PBXBuildFile; fileRef = 401F8BA71FCEDF1800298DD4 /* RepayManageCell.swift */; };
		401F8BE01FCEDF1800298DD4 /* RepayManageHeaderView.swift in Sources */ = {isa = PBXBuildFile; fileRef = 401F8BA81FCEDF1800298DD4 /* RepayManageHeaderView.swift */; };
		401F8BE11FCEDF1800298DD4 /* UserCenterCell1.swift in Sources */ = {isa = PBXBuildFile; fileRef = 401F8BA91FCEDF1800298DD4 /* UserCenterCell1.swift */; };
		401F8BE21FCEDF1800298DD4 /* UserCenterCell2.swift in Sources */ = {isa = PBXBuildFile; fileRef = 401F8BAA1FCEDF1800298DD4 /* UserCenterCell2.swift */; };
		401F8BE31FCEDF1800298DD4 /* UserCenterHeaderView.swift in Sources */ = {isa = PBXBuildFile; fileRef = 401F8BAB1FCEDF1800298DD4 /* UserCenterHeaderView.swift */; };
		401F8BE41FCEDF1800298DD4 /* UserCollectionViewCell.swift in Sources */ = {isa = PBXBuildFile; fileRef = 401F8BAC1FCEDF1800298DD4 /* UserCollectionViewCell.swift */; };
		401F8BE61FCFB47D00298DD4 /* CustomNavigationView.swift in Sources */ = {isa = PBXBuildFile; fileRef = 401F8BE51FCFB47D00298DD4 /* CustomNavigationView.swift */; };
		401F8BEA1FCFDA7500298DD4 /* SearchResultVC.swift in Sources */ = {isa = PBXBuildFile; fileRef = 401F8BE91FCFDA7500298DD4 /* SearchResultVC.swift */; };
		401F8BEC1FCFDAFC00298DD4 /* SearchNavigationView.swift in Sources */ = {isa = PBXBuildFile; fileRef = 401F8BEB1FCFDAFC00298DD4 /* SearchNavigationView.swift */; };
		401F8BEE1FCFDFB900298DD4 /* ProductTypeView.swift in Sources */ = {isa = PBXBuildFile; fileRef = 401F8BED1FCFDFB900298DD4 /* ProductTypeView.swift */; };
		401F8BF01FCFE04200298DD4 /* RollPictureView.swift in Sources */ = {isa = PBXBuildFile; fileRef = 401F8BEF1FCFE04200298DD4 /* RollPictureView.swift */; };
		401F8BF21FCFE07C00298DD4 /* FixedAdverView.swift in Sources */ = {isa = PBXBuildFile; fileRef = 401F8BF11FCFE07C00298DD4 /* FixedAdverView.swift */; };
		401F8BF41FCFE27D00298DD4 /* LoanBrandCell.swift in Sources */ = {isa = PBXBuildFile; fileRef = 401F8BF31FCFE27D00298DD4 /* LoanBrandCell.swift */; };
		401F8BF61FD0049D00298DD4 /* ProductViewCell.swift in Sources */ = {isa = PBXBuildFile; fileRef = 401F8BF51FD0049D00298DD4 /* ProductViewCell.swift */; };
		4021B3C32043FD8700E16022 /* LargeLoanVC.swift in Sources */ = {isa = PBXBuildFile; fileRef = 4021B3C22043FD8700E16022 /* LargeLoanVC.swift */; };
		4021B3C52044050A00E16022 /* WeChatFocusVC.swift in Sources */ = {isa = PBXBuildFile; fileRef = 4021B3C42044050A00E16022 /* WeChatFocusVC.swift */; };
		4021B3C720441A0200E16022 /* XJurisdiction.swift in Sources */ = {isa = PBXBuildFile; fileRef = 4021B3C620441A0200E16022 /* XJurisdiction.swift */; };
		4021B3C920441AC500E16022 /* AVFoundation.framework in Frameworks */ = {isa = PBXBuildFile; fileRef = 4021B3C820441AC500E16022 /* AVFoundation.framework */; };
		4022003F204648C200BC296A /* CaptialNullDataView.swift in Sources */ = {isa = PBXBuildFile; fileRef = 4022003E204648C200BC296A /* CaptialNullDataView.swift */; };
		40222ECB204FAC9600F1101A /* LoanResultVC.swift in Sources */ = {isa = PBXBuildFile; fileRef = 40222ECA204FAC9600F1101A /* LoanResultVC.swift */; };
		40222ECD204FB28100F1101A /* BasicModel.swift in Sources */ = {isa = PBXBuildFile; fileRef = 40222ECC204FB28100F1101A /* BasicModel.swift */; };
		40222ECF204FD3F900F1101A /* RepayRecomView.swift in Sources */ = {isa = PBXBuildFile; fileRef = 40222ECE204FD3F900F1101A /* RepayRecomView.swift */; };
		40229BAD204BCDED00506ACC /* IntegralViewCell.swift in Sources */ = {isa = PBXBuildFile; fileRef = 40229BAC204BCDED00506ACC /* IntegralViewCell.swift */; };
		40229BAF204BDD5800506ACC /* IntegralDetailVC.swift in Sources */ = {isa = PBXBuildFile; fileRef = 40229BAE204BDD5800506ACC /* IntegralDetailVC.swift */; };
		40229BB1204BF94F00506ACC /* IntergralModel.swift in Sources */ = {isa = PBXBuildFile; fileRef = 40229BB0204BF94F00506ACC /* IntergralModel.swift */; };
		40234E6020450816006B988A /* LoanCalculatorVC.swift in Sources */ = {isa = PBXBuildFile; fileRef = 40234E5F20450816006B988A /* LoanCalculatorVC.swift */; };
		40234E622045087E006B988A /* MyCashVC.swift in Sources */ = {isa = PBXBuildFile; fileRef = 40234E612045087E006B988A /* MyCashVC.swift */; };
		40234E6420450935006B988A /* MyInterestFreeVC.swift in Sources */ = {isa = PBXBuildFile; fileRef = 40234E6320450935006B988A /* MyInterestFreeVC.swift */; };
		40234E662045098E006B988A /* MyIntegralVC.swift in Sources */ = {isa = PBXBuildFile; fileRef = 40234E652045098E006B988A /* MyIntegralVC.swift */; };
		40234E68204509F5006B988A /* AccountManageVC.swift in Sources */ = {isa = PBXBuildFile; fileRef = 40234E67204509F5006B988A /* AccountManageVC.swift */; };
		40234E6A20452632006B988A /* CapitalDetailsVC.swift in Sources */ = {isa = PBXBuildFile; fileRef = 40234E6920452632006B988A /* CapitalDetailsVC.swift */; };
		40234E6C204526FF006B988A /* BankCardVC.swift in Sources */ = {isa = PBXBuildFile; fileRef = 40234E6B204526FF006B988A /* BankCardVC.swift */; };
		40234E6E20453FCE006B988A /* CashModel.swift in Sources */ = {isa = PBXBuildFile; fileRef = 40234E6D20453FCE006B988A /* CashModel.swift */; };
		40234E7620454D35006B988A /* CapitalDetailHeaderView.swift in Sources */ = {isa = PBXBuildFile; fileRef = 40234E7520454D35006B988A /* CapitalDetailHeaderView.swift */; };
		40234E7A20455F5D006B988A /* CapitalViewCell.swift in Sources */ = {isa = PBXBuildFile; fileRef = 40234E7920455F5D006B988A /* CapitalViewCell.swift */; };
		40234E7C204568BD006B988A /* CapitalModel.swift in Sources */ = {isa = PBXBuildFile; fileRef = 40234E7B204568BD006B988A /* CapitalModel.swift */; };
		4025052620197FAB00FD4B3E /* LoanBooksService.swift in Sources */ = {isa = PBXBuildFile; fileRef = 4025052520197FAA00FD4B3E /* LoanBooksService.swift */; };
		402505282019B50400FD4B3E /* LoanAmountType.swift in Sources */ = {isa = PBXBuildFile; fileRef = 402505272019B50400FD4B3E /* LoanAmountType.swift */; };
		4025052A2019EE9C00FD4B3E /* SortViewCell.swift in Sources */ = {isa = PBXBuildFile; fileRef = 402505292019EE9C00FD4B3E /* SortViewCell.swift */; };
		402D0AD72046C36400BA24E1 /* BankSheetView.swift in Sources */ = {isa = PBXBuildFile; fileRef = 402D0AD62046C36400BA24E1 /* BankSheetView.swift */; };
		403BA2AD205121190049585F /* OrderManageCell2.swift in Sources */ = {isa = PBXBuildFile; fileRef = 403BA2AC205121190049585F /* OrderManageCell2.swift */; };
		403BA2AF205150110049585F /* OrderDetailTitleCell.swift in Sources */ = {isa = PBXBuildFile; fileRef = 403BA2AE205150110049585F /* OrderDetailTitleCell.swift */; };
		403BA2B1205150300049585F /* OrderDetailSateCell.swift in Sources */ = {isa = PBXBuildFile; fileRef = 403BA2B0205150300049585F /* OrderDetailSateCell.swift */; };
		403BA2B3205150590049585F /* OrderDetailInfoCell.swift in Sources */ = {isa = PBXBuildFile; fileRef = 403BA2B2205150590049585F /* OrderDetailInfoCell.swift */; };
		403FD2451FD1BCB00034C4E5 /* LoanDetailVC.swift in Sources */ = {isa = PBXBuildFile; fileRef = 403FD2441FD1BCB00034C4E5 /* LoanDetailVC.swift */; };
		4067B1BA204A8EBD0036804F /* redPackExplain.html in Resources */ = {isa = PBXBuildFile; fileRef = 4067B1B9204A8EBD0036804F /* redPackExplain.html */; };
		4067B1C3204AA8390036804F /* BasicVC.swift in Sources */ = {isa = PBXBuildFile; fileRef = 4067B1BC204AA8390036804F /* BasicVC.swift */; };
		4067B1C4204AA8390036804F /* BasicView.swift in Sources */ = {isa = PBXBuildFile; fileRef = 4067B1BD204AA8390036804F /* BasicView.swift */; };
		4067B1C5204AA8390036804F /* BasicViewCell.swift in Sources */ = {isa = PBXBuildFile; fileRef = 4067B1BE204AA8390036804F /* BasicViewCell.swift */; };
		4067B1C6204AA8390036804F /* BasicWebVC.swift in Sources */ = {isa = PBXBuildFile; fileRef = 4067B1BF204AA8390036804F /* BasicWebVC.swift */; };
		4067B1C7204AA8390036804F /* CentralManage.swift in Sources */ = {isa = PBXBuildFile; fileRef = 4067B1C0204AA8390036804F /* CentralManage.swift */; };
		4067B1C8204AA8390036804F /* URLCenter.swift in Sources */ = {isa = PBXBuildFile; fileRef = 4067B1C1204AA8390036804F /* URLCenter.swift */; };
		4067B1C9204AA8390036804F /* URLDataCenter.swift in Sources */ = {isa = PBXBuildFile; fileRef = 4067B1C2204AA8390036804F /* URLDataCenter.swift */; };
		4067B1CB204AA8E40036804F /* BasicLocalWebVC.swift in Sources */ = {isa = PBXBuildFile; fileRef = 4067B1CA204AA8E40036804F /* BasicLocalWebVC.swift */; };
		4084BDB420469DAF008A354F /* XNumRule.swift in Sources */ = {isa = PBXBuildFile; fileRef = 4084BDB320469DAF008A354F /* XNumRule.swift */; };
		40B080ED201EF1EA0054134A /* HotSearchView.swift in Sources */ = {isa = PBXBuildFile; fileRef = 40B080EC201EF1EA0054134A /* HotSearchView.swift */; };
		40B9BE852059164700CB22FD /* recommendCell.swift in Sources */ = {isa = PBXBuildFile; fileRef = 40B9BE842059164700CB22FD /* recommendCell.swift */; };
		40B9BE892059255100CB22FD /* OrderDetailModel.swift in Sources */ = {isa = PBXBuildFile; fileRef = 40B9BE882059255100CB22FD /* OrderDetailModel.swift */; };
		40CCFE852031917500A8C7C7 /* UserCenterWebVC.swift in Sources */ = {isa = PBXBuildFile; fileRef = 40CCFE842031917500A8C7C7 /* UserCenterWebVC.swift */; };
/* End PBXBuildFile section */

/* Begin PBXContainerItemProxy section */
		4017EDD11F8E196A0077B8E0 /* PBXContainerItemProxy */ = {
			isa = PBXContainerItemProxy;
			containerPortal = 4017EDB41F8E19690077B8E0 /* Project object */;
			proxyType = 1;
			remoteGlobalIDString = 4017EDBB1F8E196A0077B8E0;
			remoteInfo = BorrowMoney;
		};
		4017EDDC1F8E196A0077B8E0 /* PBXContainerItemProxy */ = {
			isa = PBXContainerItemProxy;
			containerPortal = 4017EDB41F8E19690077B8E0 /* Project object */;
			proxyType = 1;
			remoteGlobalIDString = 4017EDBB1F8E196A0077B8E0;
			remoteInfo = BorrowMoney;
		};
/* End PBXContainerItemProxy section */

/* Begin PBXFileReference section */
		4009B93A204E5AB100F72455 /* OrderManageCell.swift */ = {isa = PBXFileReference; lastKnownFileType = sourcecode.swift; path = OrderManageCell.swift; sourceTree = "<group>"; };
		4009B93C204E5C1A00F72455 /* OrderDetailVC.swift */ = {isa = PBXFileReference; lastKnownFileType = sourcecode.swift; path = OrderDetailVC.swift; sourceTree = "<group>"; };
		4009B93E204E7C8100F72455 /* OrderManageModel.swift */ = {isa = PBXFileReference; lastKnownFileType = sourcecode.swift; path = OrderManageModel.swift; sourceTree = "<group>"; };
		400B42AF1FD12461009B4EE0 /* HomePageService.swift */ = {isa = PBXFileReference; fileEncoding = 4; lastKnownFileType = sourcecode.swift; path = HomePageService.swift; sourceTree = "<group>"; };
		400B42B11FD12B97009B4EE0 /* BannerModel.swift */ = {isa = PBXFileReference; fileEncoding = 4; lastKnownFileType = sourcecode.swift; path = BannerModel.swift; sourceTree = "<group>"; };
		400B42B31FD14326009B4EE0 /* HotLoanModel.swift */ = {isa = PBXFileReference; fileEncoding = 4; lastKnownFileType = sourcecode.swift; path = HotLoanModel.swift; sourceTree = "<group>"; };
		4011FE531FF22B12006CC349 /* DropdownView.swift */ = {isa = PBXFileReference; lastKnownFileType = sourcecode.swift; path = DropdownView.swift; sourceTree = "<group>"; };
		4011FE551FF2590A006CC349 /* DropViewCell.swift */ = {isa = PBXFileReference; lastKnownFileType = sourcecode.swift; path = DropViewCell.swift; sourceTree = "<group>"; };
		40142AA82047AAA100A181C5 /* UIAlertView+Extension.swift */ = {isa = PBXFileReference; lastKnownFileType = sourcecode.swift; path = "UIAlertView+Extension.swift"; sourceTree = "<group>"; };
		40142AAD2047F90F00A181C5 /* BankNameModel.swift */ = {isa = PBXFileReference; lastKnownFileType = sourcecode.swift; path = BankNameModel.swift; sourceTree = "<group>"; };
		4017EDBC1F8E196A0077B8E0 /* BorrowMoney.app */ = {isa = PBXFileReference; explicitFileType = wrapper.application; includeInIndex = 0; path = BorrowMoney.app; sourceTree = BUILT_PRODUCTS_DIR; };
		4017EDC61F8E196A0077B8E0 /* Assets.xcassets */ = {isa = PBXFileReference; lastKnownFileType = folder.assetcatalog; path = Assets.xcassets; sourceTree = "<group>"; };
		4017EDC91F8E196A0077B8E0 /* Base */ = {isa = PBXFileReference; lastKnownFileType = file.storyboard; name = Base; path = Base.lproj/LaunchScreen.storyboard; sourceTree = "<group>"; };
		4017EDCB1F8E196A0077B8E0 /* Info.plist */ = {isa = PBXFileReference; lastKnownFileType = text.plist.xml; path = Info.plist; sourceTree = "<group>"; };
		4017EDD01F8E196A0077B8E0 /* BorrowMoneyTests.xctest */ = {isa = PBXFileReference; explicitFileType = wrapper.cfbundle; includeInIndex = 0; path = BorrowMoneyTests.xctest; sourceTree = BUILT_PRODUCTS_DIR; };
		4017EDD41F8E196A0077B8E0 /* BorrowMoneyTests.swift */ = {isa = PBXFileReference; lastKnownFileType = sourcecode.swift; path = BorrowMoneyTests.swift; sourceTree = "<group>"; };
		4017EDD61F8E196A0077B8E0 /* Info.plist */ = {isa = PBXFileReference; lastKnownFileType = text.plist.xml; path = Info.plist; sourceTree = "<group>"; };
		4017EDDB1F8E196A0077B8E0 /* BorrowMoneyUITests.xctest */ = {isa = PBXFileReference; explicitFileType = wrapper.cfbundle; includeInIndex = 0; path = BorrowMoneyUITests.xctest; sourceTree = BUILT_PRODUCTS_DIR; };
		4017EDDF1F8E196A0077B8E0 /* BorrowMoneyUITests.swift */ = {isa = PBXFileReference; lastKnownFileType = sourcecode.swift; path = BorrowMoneyUITests.swift; sourceTree = "<group>"; };
		4017EDE11F8E196A0077B8E0 /* Info.plist */ = {isa = PBXFileReference; lastKnownFileType = text.plist.xml; path = Info.plist; sourceTree = "<group>"; };
		4017EDED1F8E1B790077B8E0 /* SDWebImage.framework */ = {isa = PBXFileReference; lastKnownFileType = wrapper.framework; name = SDWebImage.framework; path = "Pods/../build/Debug-iphoneos/SDWebImage/SDWebImage.framework"; sourceTree = "<group>"; };
		401A97C3204D7DA8005826CC /* OrderHeaderView.swift */ = {isa = PBXFileReference; lastKnownFileType = sourcecode.swift; path = OrderHeaderView.swift; sourceTree = "<group>"; };
		401D9ABA1FD694E70038A860 /* LoanBooksHeaderView.swift */ = {isa = PBXFileReference; lastKnownFileType = sourcecode.swift; path = LoanBooksHeaderView.swift; sourceTree = "<group>"; };
		401E56D52049537400C73CBE /* DisCountViewCell.swift */ = {isa = PBXFileReference; lastKnownFileType = sourcecode.swift; path = DisCountViewCell.swift; sourceTree = "<group>"; };
		401E56D72049590300C73CBE /* DiscountModel.swift */ = {isa = PBXFileReference; lastKnownFileType = sourcecode.swift; path = DiscountModel.swift; sourceTree = "<group>"; };
		401F8B591FCEDF1800298DD4 /* ForgetVC.swift */ = {isa = PBXFileReference; fileEncoding = 4; lastKnownFileType = sourcecode.swift; path = ForgetVC.swift; sourceTree = "<group>"; };
		401F8B5A1FCEDF1800298DD4 /* RegisterVC.swift */ = {isa = PBXFileReference; fileEncoding = 4; lastKnownFileType = sourcecode.swift; path = RegisterVC.swift; sourceTree = "<group>"; };
		401F8B5F1FCEDF1800298DD4 /* AlamofireManager.swift */ = {isa = PBXFileReference; fileEncoding = 4; lastKnownFileType = sourcecode.swift; path = AlamofireManager.swift; sourceTree = "<group>"; };
		401F8B601FCEDF1800298DD4 /* AppDelegate.swift */ = {isa = PBXFileReference; fileEncoding = 4; lastKnownFileType = sourcecode.swift; path = AppDelegate.swift; sourceTree = "<group>"; };
		401F8B611FCEDF1800298DD4 /* BorrowMoney.swift */ = {isa = PBXFileReference; fileEncoding = 4; lastKnownFileType = sourcecode.swift; path = BorrowMoney.swift; sourceTree = "<group>"; };
		401F8B621FCEDF1800298DD4 /* Bridging-Header.h */ = {isa = PBXFileReference; fileEncoding = 4; lastKnownFileType = sourcecode.c.h; path = "Bridging-Header.h"; sourceTree = "<group>"; };
		401F8B631FCEDF1800298DD4 /* CustomNavigationController.swift */ = {isa = PBXFileReference; fileEncoding = 4; lastKnownFileType = sourcecode.swift; path = CustomNavigationController.swift; sourceTree = "<group>"; };
		401F8B641FCEDF1800298DD4 /* ErrorInfo.swift */ = {isa = PBXFileReference; fileEncoding = 4; lastKnownFileType = sourcecode.swift; path = ErrorInfo.swift; sourceTree = "<group>"; };
		401F8B651FCEDF1800298DD4 /* NaviBarView.swift */ = {isa = PBXFileReference; fileEncoding = 4; lastKnownFileType = sourcecode.swift; path = NaviBarView.swift; sourceTree = "<group>"; };
		401F8B661FCEDF1800298DD4 /* TabBarController.swift */ = {isa = PBXFileReference; fileEncoding = 4; lastKnownFileType = sourcecode.swift; path = TabBarController.swift; sourceTree = "<group>"; };
		401F8B691FCEDF1800298DD4 /* HomePageVC.swift */ = {isa = PBXFileReference; fileEncoding = 4; lastKnownFileType = sourcecode.swift; path = HomePageVC.swift; sourceTree = "<group>"; };
		401F8B6F1FCEDF1800298DD4 /* LoanBooksVC.swift */ = {isa = PBXFileReference; fileEncoding = 4; lastKnownFileType = sourcecode.swift; path = LoanBooksVC.swift; sourceTree = "<group>"; };
		401F8B751FCEDF1800298DD4 /* NSArray+Extension.swift */ = {isa = PBXFileReference; fileEncoding = 4; lastKnownFileType = sourcecode.swift; path = "NSArray+Extension.swift"; sourceTree = "<group>"; };
		401F8B761FCEDF1800298DD4 /* NSDictionary+Extension.swift */ = {isa = PBXFileReference; fileEncoding = 4; lastKnownFileType = sourcecode.swift; path = "NSDictionary+Extension.swift"; sourceTree = "<group>"; };
		401F8B771FCEDF1800298DD4 /* NSObject+Extension.swift */ = {isa = PBXFileReference; fileEncoding = 4; lastKnownFileType = sourcecode.swift; path = "NSObject+Extension.swift"; sourceTree = "<group>"; };
		401F8B781FCEDF1800298DD4 /* String+Extension.swift */ = {isa = PBXFileReference; fileEncoding = 4; lastKnownFileType = sourcecode.swift; path = "String+Extension.swift"; sourceTree = "<group>"; };
		401F8B791FCEDF1800298DD4 /* UIColor+Extension.swift */ = {isa = PBXFileReference; fileEncoding = 4; lastKnownFileType = sourcecode.swift; path = "UIColor+Extension.swift"; sourceTree = "<group>"; };
		401F8B7A1FCEDF1800298DD4 /* UIImage+Extension.swift */ = {isa = PBXFileReference; fileEncoding = 4; lastKnownFileType = sourcecode.swift; path = "UIImage+Extension.swift"; sourceTree = "<group>"; };
		401F8B7B1FCEDF1800298DD4 /* UserDefaults+Extension.swift */ = {isa = PBXFileReference; fileEncoding = 4; lastKnownFileType = sourcecode.swift; path = "UserDefaults+Extension.swift"; sourceTree = "<group>"; };
		401F8B7F1FCEDF1800298DD4 /* XConfigure.swift */ = {isa = PBXFileReference; fileEncoding = 4; lastKnownFileType = sourcecode.swift; path = XConfigure.swift; sourceTree = "<group>"; };
		401F8B801FCEDF1800298DD4 /* XFoundation.swift */ = {isa = PBXFileReference; fileEncoding = 4; lastKnownFileType = sourcecode.swift; path = XFoundation.swift; sourceTree = "<group>"; };
		401F8B811FCEDF1800298DD4 /* XPrint.swift */ = {isa = PBXFileReference; fileEncoding = 4; lastKnownFileType = sourcecode.swift; path = XPrint.swift; sourceTree = "<group>"; };
		401F8B871FCEDF1800298DD4 /* GraphicView.swift */ = {isa = PBXFileReference; fileEncoding = 4; lastKnownFileType = sourcecode.swift; path = GraphicView.swift; sourceTree = "<group>"; };
		401F8B881FCEDF1800298DD4 /* LoginFooterView.swift */ = {isa = PBXFileReference; fileEncoding = 4; lastKnownFileType = sourcecode.swift; path = LoginFooterView.swift; sourceTree = "<group>"; };
		401F8B891FCEDF1800298DD4 /* LoginInfoView.swift */ = {isa = PBXFileReference; fileEncoding = 4; lastKnownFileType = sourcecode.swift; path = LoginInfoView.swift; sourceTree = "<group>"; };
		401F8B8A1FCEDF1800298DD4 /* LoginSegmentedView.swift */ = {isa = PBXFileReference; fileEncoding = 4; lastKnownFileType = sourcecode.swift; path = LoginSegmentedView.swift; sourceTree = "<group>"; };
		401F8B8B1FCEDF1800298DD4 /* LoginVC.swift */ = {isa = PBXFileReference; fileEncoding = 4; lastKnownFileType = sourcecode.swift; path = LoginVC.swift; sourceTree = "<group>"; };
		401F8B8C1FCEDF1800298DD4 /* UserModel.swift */ = {isa = PBXFileReference; fileEncoding = 4; lastKnownFileType = sourcecode.swift; path = UserModel.swift; sourceTree = "<group>"; };
		401F8B8E1FCEDF1800298DD4 /* PublicService.swift */ = {isa = PBXFileReference; fileEncoding = 4; lastKnownFileType = sourcecode.swift; path = PublicService.swift; sourceTree = "<group>"; };
		401F8B931FCEDF1800298DD4 /* AboutVC.swift */ = {isa = PBXFileReference; fileEncoding = 4; lastKnownFileType = sourcecode.swift; path = AboutVC.swift; sourceTree = "<group>"; };
		401F8B941FCEDF1800298DD4 /* BillDetailVC.swift */ = {isa = PBXFileReference; fileEncoding = 4; lastKnownFileType = sourcecode.swift; path = BillDetailVC.swift; sourceTree = "<group>"; };
		401F8B951FCEDF1800298DD4 /* MessageCenterVC.swift */ = {isa = PBXFileReference; fileEncoding = 4; lastKnownFileType = sourcecode.swift; path = MessageCenterVC.swift; sourceTree = "<group>"; };
		401F8B961FCEDF1800298DD4 /* ModifyPasswordVC.swift */ = {isa = PBXFileReference; fileEncoding = 4; lastKnownFileType = sourcecode.swift; path = ModifyPasswordVC.swift; sourceTree = "<group>"; };
		401F8B971FCEDF1800298DD4 /* OrderManageVC.swift */ = {isa = PBXFileReference; fileEncoding = 4; lastKnownFileType = sourcecode.swift; path = OrderManageVC.swift; sourceTree = "<group>"; };
		401F8B981FCEDF1800298DD4 /* PersonalInfoVC.swift */ = {isa = PBXFileReference; fileEncoding = 4; lastKnownFileType = sourcecode.swift; path = PersonalInfoVC.swift; sourceTree = "<group>"; };
		401F8B991FCEDF1800298DD4 /* RepayManageVC.swift */ = {isa = PBXFileReference; fileEncoding = 4; lastKnownFileType = sourcecode.swift; path = RepayManageVC.swift; sourceTree = "<group>"; };
		401F8B9A1FCEDF1800298DD4 /* RepayRecordVC.swift */ = {isa = PBXFileReference; fileEncoding = 4; lastKnownFileType = sourcecode.swift; path = RepayRecordVC.swift; sourceTree = "<group>"; };
		401F8B9B1FCEDF1800298DD4 /* SetUpVC.swift */ = {isa = PBXFileReference; fileEncoding = 4; lastKnownFileType = sourcecode.swift; path = SetUpVC.swift; sourceTree = "<group>"; };
		401F8B9C1FCEDF1800298DD4 /* UserCenterVC.swift */ = {isa = PBXFileReference; fileEncoding = 4; lastKnownFileType = sourcecode.swift; path = UserCenterVC.swift; sourceTree = "<group>"; };
		401F8B9E1FCEDF1800298DD4 /* LoanManageModel.swift */ = {isa = PBXFileReference; fileEncoding = 4; lastKnownFileType = sourcecode.swift; path = LoanManageModel.swift; sourceTree = "<group>"; };
		401F8B9F1FCEDF1800298DD4 /* LoanOrderModel.swift */ = {isa = PBXFileReference; fileEncoding = 4; lastKnownFileType = sourcecode.swift; path = LoanOrderModel.swift; sourceTree = "<group>"; };
		401F8BA01FCEDF1800298DD4 /* LoanProductsModel.swift */ = {isa = PBXFileReference; fileEncoding = 4; lastKnownFileType = sourcecode.swift; path = LoanProductsModel.swift; sourceTree = "<group>"; };
		401F8BA11FCEDF1800298DD4 /* MessageCenterModel.swift */ = {isa = PBXFileReference; fileEncoding = 4; lastKnownFileType = sourcecode.swift; path = MessageCenterModel.swift; sourceTree = "<group>"; };
		401F8BA21FCEDF1800298DD4 /* UserCenterModel.swift */ = {isa = PBXFileReference; fileEncoding = 4; lastKnownFileType = sourcecode.swift; path = UserCenterModel.swift; sourceTree = "<group>"; };
		401F8BA41FCEDF1800298DD4 /* UserCenterService.swift */ = {isa = PBXFileReference; fileEncoding = 4; lastKnownFileType = sourcecode.swift; path = UserCenterService.swift; sourceTree = "<group>"; };
		401F8BA61FCEDF1800298DD4 /* MessageCenterCell.swift */ = {isa = PBXFileReference; fileEncoding = 4; lastKnownFileType = sourcecode.swift; path = MessageCenterCell.swift; sourceTree = "<group>"; };
		401F8BA71FCEDF1800298DD4 /* RepayManageCell.swift */ = {isa = PBXFileReference; fileEncoding = 4; lastKnownFileType = sourcecode.swift; path = RepayManageCell.swift; sourceTree = "<group>"; };
		401F8BA81FCEDF1800298DD4 /* RepayManageHeaderView.swift */ = {isa = PBXFileReference; fileEncoding = 4; lastKnownFileType = sourcecode.swift; path = RepayManageHeaderView.swift; sourceTree = "<group>"; };
		401F8BA91FCEDF1800298DD4 /* UserCenterCell1.swift */ = {isa = PBXFileReference; fileEncoding = 4; lastKnownFileType = sourcecode.swift; path = UserCenterCell1.swift; sourceTree = "<group>"; };
		401F8BAA1FCEDF1800298DD4 /* UserCenterCell2.swift */ = {isa = PBXFileReference; fileEncoding = 4; lastKnownFileType = sourcecode.swift; path = UserCenterCell2.swift; sourceTree = "<group>"; };
		401F8BAB1FCEDF1800298DD4 /* UserCenterHeaderView.swift */ = {isa = PBXFileReference; fileEncoding = 4; lastKnownFileType = sourcecode.swift; path = UserCenterHeaderView.swift; sourceTree = "<group>"; };
		401F8BAC1FCEDF1800298DD4 /* UserCollectionViewCell.swift */ = {isa = PBXFileReference; fileEncoding = 4; lastKnownFileType = sourcecode.swift; path = UserCollectionViewCell.swift; sourceTree = "<group>"; };
		401F8BE51FCFB47D00298DD4 /* CustomNavigationView.swift */ = {isa = PBXFileReference; fileEncoding = 4; lastKnownFileType = sourcecode.swift; path = CustomNavigationView.swift; sourceTree = "<group>"; };
		401F8BE91FCFDA7500298DD4 /* SearchResultVC.swift */ = {isa = PBXFileReference; fileEncoding = 4; lastKnownFileType = sourcecode.swift; path = SearchResultVC.swift; sourceTree = "<group>"; };
		401F8BEB1FCFDAFC00298DD4 /* SearchNavigationView.swift */ = {isa = PBXFileReference; fileEncoding = 4; lastKnownFileType = sourcecode.swift; path = SearchNavigationView.swift; sourceTree = "<group>"; };
		401F8BED1FCFDFB900298DD4 /* ProductTypeView.swift */ = {isa = PBXFileReference; fileEncoding = 4; lastKnownFileType = sourcecode.swift; path = ProductTypeView.swift; sourceTree = "<group>"; };
		401F8BEF1FCFE04200298DD4 /* RollPictureView.swift */ = {isa = PBXFileReference; fileEncoding = 4; lastKnownFileType = sourcecode.swift; path = RollPictureView.swift; sourceTree = "<group>"; };
		401F8BF11FCFE07C00298DD4 /* FixedAdverView.swift */ = {isa = PBXFileReference; fileEncoding = 4; lastKnownFileType = sourcecode.swift; path = FixedAdverView.swift; sourceTree = "<group>"; };
		401F8BF31FCFE27D00298DD4 /* LoanBrandCell.swift */ = {isa = PBXFileReference; fileEncoding = 4; lastKnownFileType = sourcecode.swift; path = LoanBrandCell.swift; sourceTree = "<group>"; };
		401F8BF51FD0049D00298DD4 /* ProductViewCell.swift */ = {isa = PBXFileReference; fileEncoding = 4; lastKnownFileType = sourcecode.swift; path = ProductViewCell.swift; sourceTree = "<group>"; };
		4021B3C22043FD8700E16022 /* LargeLoanVC.swift */ = {isa = PBXFileReference; lastKnownFileType = sourcecode.swift; path = LargeLoanVC.swift; sourceTree = "<group>"; };
		4021B3C42044050A00E16022 /* WeChatFocusVC.swift */ = {isa = PBXFileReference; lastKnownFileType = sourcecode.swift; path = WeChatFocusVC.swift; sourceTree = "<group>"; };
		4021B3C620441A0200E16022 /* XJurisdiction.swift */ = {isa = PBXFileReference; fileEncoding = 4; lastKnownFileType = sourcecode.swift; path = XJurisdiction.swift; sourceTree = "<group>"; };
		4021B3C820441AC500E16022 /* AVFoundation.framework */ = {isa = PBXFileReference; lastKnownFileType = wrapper.framework; name = AVFoundation.framework; path = System/Library/Frameworks/AVFoundation.framework; sourceTree = SDKROOT; };
		4022003E204648C200BC296A /* CaptialNullDataView.swift */ = {isa = PBXFileReference; lastKnownFileType = sourcecode.swift; path = CaptialNullDataView.swift; sourceTree = "<group>"; };
		40222ECA204FAC9600F1101A /* LoanResultVC.swift */ = {isa = PBXFileReference; lastKnownFileType = sourcecode.swift; path = LoanResultVC.swift; sourceTree = "<group>"; };
		40222ECC204FB28100F1101A /* BasicModel.swift */ = {isa = PBXFileReference; lastKnownFileType = sourcecode.swift; path = BasicModel.swift; sourceTree = "<group>"; };
		40222ECE204FD3F900F1101A /* RepayRecomView.swift */ = {isa = PBXFileReference; lastKnownFileType = sourcecode.swift; path = RepayRecomView.swift; sourceTree = "<group>"; };
		40229BAC204BCDED00506ACC /* IntegralViewCell.swift */ = {isa = PBXFileReference; lastKnownFileType = sourcecode.swift; path = IntegralViewCell.swift; sourceTree = "<group>"; };
		40229BAE204BDD5800506ACC /* IntegralDetailVC.swift */ = {isa = PBXFileReference; lastKnownFileType = sourcecode.swift; path = IntegralDetailVC.swift; sourceTree = "<group>"; };
		40229BB0204BF94F00506ACC /* IntergralModel.swift */ = {isa = PBXFileReference; lastKnownFileType = sourcecode.swift; path = IntergralModel.swift; sourceTree = "<group>"; };
		40234E5F20450816006B988A /* LoanCalculatorVC.swift */ = {isa = PBXFileReference; lastKnownFileType = sourcecode.swift; path = LoanCalculatorVC.swift; sourceTree = "<group>"; };
		40234E612045087E006B988A /* MyCashVC.swift */ = {isa = PBXFileReference; lastKnownFileType = sourcecode.swift; path = MyCashVC.swift; sourceTree = "<group>"; };
		40234E6320450935006B988A /* MyInterestFreeVC.swift */ = {isa = PBXFileReference; lastKnownFileType = sourcecode.swift; path = MyInterestFreeVC.swift; sourceTree = "<group>"; };
		40234E652045098E006B988A /* MyIntegralVC.swift */ = {isa = PBXFileReference; lastKnownFileType = sourcecode.swift; path = MyIntegralVC.swift; sourceTree = "<group>"; };
		40234E67204509F5006B988A /* AccountManageVC.swift */ = {isa = PBXFileReference; lastKnownFileType = sourcecode.swift; path = AccountManageVC.swift; sourceTree = "<group>"; };
		40234E6920452632006B988A /* CapitalDetailsVC.swift */ = {isa = PBXFileReference; lastKnownFileType = sourcecode.swift; path = CapitalDetailsVC.swift; sourceTree = "<group>"; };
		40234E6B204526FF006B988A /* BankCardVC.swift */ = {isa = PBXFileReference; lastKnownFileType = sourcecode.swift; path = BankCardVC.swift; sourceTree = "<group>"; };
		40234E6D20453FCE006B988A /* CashModel.swift */ = {isa = PBXFileReference; lastKnownFileType = sourcecode.swift; path = CashModel.swift; sourceTree = "<group>"; };
		40234E7520454D35006B988A /* CapitalDetailHeaderView.swift */ = {isa = PBXFileReference; lastKnownFileType = sourcecode.swift; path = CapitalDetailHeaderView.swift; sourceTree = "<group>"; };
		40234E7920455F5D006B988A /* CapitalViewCell.swift */ = {isa = PBXFileReference; lastKnownFileType = sourcecode.swift; path = CapitalViewCell.swift; sourceTree = "<group>"; };
		40234E7B204568BD006B988A /* CapitalModel.swift */ = {isa = PBXFileReference; lastKnownFileType = sourcecode.swift; path = CapitalModel.swift; sourceTree = "<group>"; };
		4025052520197FAA00FD4B3E /* LoanBooksService.swift */ = {isa = PBXFileReference; lastKnownFileType = sourcecode.swift; path = LoanBooksService.swift; sourceTree = "<group>"; };
		402505272019B50400FD4B3E /* LoanAmountType.swift */ = {isa = PBXFileReference; lastKnownFileType = sourcecode.swift; path = LoanAmountType.swift; sourceTree = "<group>"; };
		402505292019EE9C00FD4B3E /* SortViewCell.swift */ = {isa = PBXFileReference; lastKnownFileType = sourcecode.swift; path = SortViewCell.swift; sourceTree = "<group>"; };
		402D0AD62046C36400BA24E1 /* BankSheetView.swift */ = {isa = PBXFileReference; lastKnownFileType = sourcecode.swift; path = BankSheetView.swift; sourceTree = "<group>"; };
		403BA2AC205121190049585F /* OrderManageCell2.swift */ = {isa = PBXFileReference; lastKnownFileType = sourcecode.swift; path = OrderManageCell2.swift; sourceTree = "<group>"; };
		403BA2AE205150110049585F /* OrderDetailTitleCell.swift */ = {isa = PBXFileReference; lastKnownFileType = sourcecode.swift; path = OrderDetailTitleCell.swift; sourceTree = "<group>"; };
		403BA2B0205150300049585F /* OrderDetailSateCell.swift */ = {isa = PBXFileReference; lastKnownFileType = sourcecode.swift; path = OrderDetailSateCell.swift; sourceTree = "<group>"; };
		403BA2B2205150590049585F /* OrderDetailInfoCell.swift */ = {isa = PBXFileReference; lastKnownFileType = sourcecode.swift; path = OrderDetailInfoCell.swift; sourceTree = "<group>"; };
		403FD2441FD1BCB00034C4E5 /* LoanDetailVC.swift */ = {isa = PBXFileReference; fileEncoding = 4; lastKnownFileType = sourcecode.swift; path = LoanDetailVC.swift; sourceTree = "<group>"; };
		4067B1B9204A8EBD0036804F /* redPackExplain.html */ = {isa = PBXFileReference; fileEncoding = 4; lastKnownFileType = text.html; path = redPackExplain.html; sourceTree = "<group>"; };
		4067B1BC204AA8390036804F /* BasicVC.swift */ = {isa = PBXFileReference; fileEncoding = 4; lastKnownFileType = sourcecode.swift; path = BasicVC.swift; sourceTree = "<group>"; };
		4067B1BD204AA8390036804F /* BasicView.swift */ = {isa = PBXFileReference; fileEncoding = 4; lastKnownFileType = sourcecode.swift; path = BasicView.swift; sourceTree = "<group>"; };
		4067B1BE204AA8390036804F /* BasicViewCell.swift */ = {isa = PBXFileReference; fileEncoding = 4; lastKnownFileType = sourcecode.swift; path = BasicViewCell.swift; sourceTree = "<group>"; };
		4067B1BF204AA8390036804F /* BasicWebVC.swift */ = {isa = PBXFileReference; fileEncoding = 4; lastKnownFileType = sourcecode.swift; path = BasicWebVC.swift; sourceTree = "<group>"; };
		4067B1C0204AA8390036804F /* CentralManage.swift */ = {isa = PBXFileReference; fileEncoding = 4; lastKnownFileType = sourcecode.swift; path = CentralManage.swift; sourceTree = "<group>"; };
		4067B1C1204AA8390036804F /* URLCenter.swift */ = {isa = PBXFileReference; fileEncoding = 4; lastKnownFileType = sourcecode.swift; path = URLCenter.swift; sourceTree = "<group>"; };
		4067B1C2204AA8390036804F /* URLDataCenter.swift */ = {isa = PBXFileReference; fileEncoding = 4; lastKnownFileType = sourcecode.swift; path = URLDataCenter.swift; sourceTree = "<group>"; };
		4067B1CA204AA8E40036804F /* BasicLocalWebVC.swift */ = {isa = PBXFileReference; lastKnownFileType = sourcecode.swift; path = BasicLocalWebVC.swift; sourceTree = "<group>"; };
		4084BDB320469DAF008A354F /* XNumRule.swift */ = {isa = PBXFileReference; fileEncoding = 4; lastKnownFileType = sourcecode.swift; path = XNumRule.swift; sourceTree = "<group>"; };
		40B080EC201EF1EA0054134A /* HotSearchView.swift */ = {isa = PBXFileReference; lastKnownFileType = sourcecode.swift; path = HotSearchView.swift; sourceTree = "<group>"; };
		40B9BE842059164700CB22FD /* recommendCell.swift */ = {isa = PBXFileReference; lastKnownFileType = sourcecode.swift; path = recommendCell.swift; sourceTree = "<group>"; };
		40B9BE882059255100CB22FD /* OrderDetailModel.swift */ = {isa = PBXFileReference; lastKnownFileType = sourcecode.swift; path = OrderDetailModel.swift; sourceTree = "<group>"; };
		40CCFE842031917500A8C7C7 /* UserCenterWebVC.swift */ = {isa = PBXFileReference; lastKnownFileType = sourcecode.swift; path = UserCenterWebVC.swift; sourceTree = "<group>"; };
		4590E8911C82E60953B15D95 /* Pods_BorrowMoney.framework */ = {isa = PBXFileReference; explicitFileType = wrapper.framework; includeInIndex = 0; path = Pods_BorrowMoney.framework; sourceTree = BUILT_PRODUCTS_DIR; };
		C30E7E8962F70FA8C295C3E8 /* Pods-BorrowMoney.release.xcconfig */ = {isa = PBXFileReference; includeInIndex = 1; lastKnownFileType = text.xcconfig; name = "Pods-BorrowMoney.release.xcconfig"; path = "Pods/Target Support Files/Pods-BorrowMoney/Pods-BorrowMoney.release.xcconfig"; sourceTree = "<group>"; };
		CF58623B744DB930670B6B5D /* Pods-BorrowMoney.debug.xcconfig */ = {isa = PBXFileReference; includeInIndex = 1; lastKnownFileType = text.xcconfig; name = "Pods-BorrowMoney.debug.xcconfig"; path = "Pods/Target Support Files/Pods-BorrowMoney/Pods-BorrowMoney.debug.xcconfig"; sourceTree = "<group>"; };
/* End PBXFileReference section */

/* Begin PBXFrameworksBuildPhase section */
		4017EDB91F8E196A0077B8E0 /* Frameworks */ = {
			isa = PBXFrameworksBuildPhase;
			buildActionMask = 2147483647;
			files = (
				4021B3C920441AC500E16022 /* AVFoundation.framework in Frameworks */,
				1E5657E5BDC108A4BF39A17D /* Pods_BorrowMoney.framework in Frameworks */,
			);
			runOnlyForDeploymentPostprocessing = 0;
		};
		4017EDCD1F8E196A0077B8E0 /* Frameworks */ = {
			isa = PBXFrameworksBuildPhase;
			buildActionMask = 2147483647;
			files = (
			);
			runOnlyForDeploymentPostprocessing = 0;
		};
		4017EDD81F8E196A0077B8E0 /* Frameworks */ = {
			isa = PBXFrameworksBuildPhase;
			buildActionMask = 2147483647;
			files = (
			);
			runOnlyForDeploymentPostprocessing = 0;
		};
/* End PBXFrameworksBuildPhase section */

/* Begin PBXGroup section */
		4017EDB31F8E19690077B8E0 = {
			isa = PBXGroup;
			children = (
				4017EDBE1F8E196A0077B8E0 /* BorrowMoney */,
				4017EDD31F8E196A0077B8E0 /* BorrowMoneyTests */,
				4017EDDE1F8E196A0077B8E0 /* BorrowMoneyUITests */,
				4017EDBD1F8E196A0077B8E0 /* Products */,
				D91B5ECCA6968DA070262B67 /* Pods */,
				DEF4582A04F02B4443F90B3E /* Frameworks */,
			);
			sourceTree = "<group>";
		};
		4017EDBD1F8E196A0077B8E0 /* Products */ = {
			isa = PBXGroup;
			children = (
				4017EDBC1F8E196A0077B8E0 /* BorrowMoney.app */,
				4017EDD01F8E196A0077B8E0 /* BorrowMoneyTests.xctest */,
				4017EDDB1F8E196A0077B8E0 /* BorrowMoneyUITests.xctest */,
			);
			name = Products;
			sourceTree = "<group>";
		};
		4017EDBE1F8E196A0077B8E0 /* BorrowMoney */ = {
			isa = PBXGroup;
			children = (
				401F8B561FCEDF1800298DD4 /* Classes */,
				4017EDC61F8E196A0077B8E0 /* Assets.xcassets */,
				4017EDC81F8E196A0077B8E0 /* LaunchScreen.storyboard */,
				4017EDCB1F8E196A0077B8E0 /* Info.plist */,
			);
			path = BorrowMoney;
			sourceTree = "<group>";
		};
		4017EDD31F8E196A0077B8E0 /* BorrowMoneyTests */ = {
			isa = PBXGroup;
			children = (
				4017EDD41F8E196A0077B8E0 /* BorrowMoneyTests.swift */,
				4017EDD61F8E196A0077B8E0 /* Info.plist */,
			);
			path = BorrowMoneyTests;
			sourceTree = "<group>";
		};
		4017EDDE1F8E196A0077B8E0 /* BorrowMoneyUITests */ = {
			isa = PBXGroup;
			children = (
				4017EDDF1F8E196A0077B8E0 /* BorrowMoneyUITests.swift */,
				4017EDE11F8E196A0077B8E0 /* Info.plist */,
			);
			path = BorrowMoneyUITests;
			sourceTree = "<group>";
		};
		401E56D92049977A00C73CBE /* Resource */ = {
			isa = PBXGroup;
			children = (
				4067B1B8204A8EAA0036804F /* Html */,
			);
			path = Resource;
			sourceTree = "<group>";
		};
		401F8B561FCEDF1800298DD4 /* Classes */ = {
			isa = PBXGroup;
			children = (
				401F8B821FCEDF1800298DD4 /* PublicAssembly */,
				401F8B5E1FCEDF1800298DD4 /* Base */,
				401F8B731FCEDF1800298DD4 /* Others */,
				401F8B571FCEDF1800298DD4 /* Account */,
				401F8B671FCEDF1800298DD4 /* HomePage */,
				401F8B6D1FCEDF1800298DD4 /* LoanBooks */,
				401F8B911FCEDF1800298DD4 /* UserCenter */,
			);
			path = Classes;
			sourceTree = "<group>";
		};
		401F8B571FCEDF1800298DD4 /* Account */ = {
			isa = PBXGroup;
			children = (
				401F8B581FCEDF1800298DD4 /* Controller */,
				401F8B5B1FCEDF1800298DD4 /* Model */,
				401F8B5C1FCEDF1800298DD4 /* Service */,
				401F8B5D1FCEDF1800298DD4 /* View */,
			);
			path = Account;
			sourceTree = "<group>";
		};
		401F8B581FCEDF1800298DD4 /* Controller */ = {
			isa = PBXGroup;
			children = (
				401F8B591FCEDF1800298DD4 /* ForgetVC.swift */,
				401F8B5A1FCEDF1800298DD4 /* RegisterVC.swift */,
			);
			path = Controller;
			sourceTree = "<group>";
		};
		401F8B5B1FCEDF1800298DD4 /* Model */ = {
			isa = PBXGroup;
			children = (
			);
			path = Model;
			sourceTree = "<group>";
		};
		401F8B5C1FCEDF1800298DD4 /* Service */ = {
			isa = PBXGroup;
			children = (
			);
			path = Service;
			sourceTree = "<group>";
		};
		401F8B5D1FCEDF1800298DD4 /* View */ = {
			isa = PBXGroup;
			children = (
			);
			path = View;
			sourceTree = "<group>";
		};
		401F8B5E1FCEDF1800298DD4 /* Base */ = {
			isa = PBXGroup;
			children = (
				401F8B5F1FCEDF1800298DD4 /* AlamofireManager.swift */,
				401F8B601FCEDF1800298DD4 /* AppDelegate.swift */,
				401F8B611FCEDF1800298DD4 /* BorrowMoney.swift */,
				401F8B621FCEDF1800298DD4 /* Bridging-Header.h */,
				401F8B631FCEDF1800298DD4 /* CustomNavigationController.swift */,
				401F8B641FCEDF1800298DD4 /* ErrorInfo.swift */,
				401F8B651FCEDF1800298DD4 /* NaviBarView.swift */,
				401F8B661FCEDF1800298DD4 /* TabBarController.swift */,
			);
			path = Base;
			sourceTree = "<group>";
		};
		401F8B671FCEDF1800298DD4 /* HomePage */ = {
			isa = PBXGroup;
			children = (
				401F8B681FCEDF1800298DD4 /* Controller */,
				401F8B6A1FCEDF1800298DD4 /* Model */,
				401F8B6B1FCEDF1800298DD4 /* Service */,
				401F8B6C1FCEDF1800298DD4 /* View */,
			);
			path = HomePage;
			sourceTree = "<group>";
		};
		401F8B681FCEDF1800298DD4 /* Controller */ = {
			isa = PBXGroup;
			children = (
				401F8B691FCEDF1800298DD4 /* HomePageVC.swift */,
				401F8BE91FCFDA7500298DD4 /* SearchResultVC.swift */,
				4021B3C22043FD8700E16022 /* LargeLoanVC.swift */,
			);
			path = Controller;
			sourceTree = "<group>";
		};
		401F8B6A1FCEDF1800298DD4 /* Model */ = {
			isa = PBXGroup;
			children = (
				400B42B11FD12B97009B4EE0 /* BannerModel.swift */,
				400B42B31FD14326009B4EE0 /* HotLoanModel.swift */,
			);
			path = Model;
			sourceTree = "<group>";
		};
		401F8B6B1FCEDF1800298DD4 /* Service */ = {
			isa = PBXGroup;
			children = (
				400B42AF1FD12461009B4EE0 /* HomePageService.swift */,
			);
			path = Service;
			sourceTree = "<group>";
		};
		401F8B6C1FCEDF1800298DD4 /* View */ = {
			isa = PBXGroup;
			children = (
				401F8BE51FCFB47D00298DD4 /* CustomNavigationView.swift */,
				401F8BEB1FCFDAFC00298DD4 /* SearchNavigationView.swift */,
				401F8BED1FCFDFB900298DD4 /* ProductTypeView.swift */,
				401F8BEF1FCFE04200298DD4 /* RollPictureView.swift */,
				401F8BF11FCFE07C00298DD4 /* FixedAdverView.swift */,
				401F8BF31FCFE27D00298DD4 /* LoanBrandCell.swift */,
				401F8BF51FD0049D00298DD4 /* ProductViewCell.swift */,
				40B080EC201EF1EA0054134A /* HotSearchView.swift */,
			);
			path = View;
			sourceTree = "<group>";
		};
		401F8B6D1FCEDF1800298DD4 /* LoanBooks */ = {
			isa = PBXGroup;
			children = (
				401F8B6E1FCEDF1800298DD4 /* Controller */,
				401F8B701FCEDF1800298DD4 /* Model */,
				401F8B711FCEDF1800298DD4 /* Service */,
				401F8B721FCEDF1800298DD4 /* View */,
			);
			path = LoanBooks;
			sourceTree = "<group>";
		};
		401F8B6E1FCEDF1800298DD4 /* Controller */ = {
			isa = PBXGroup;
			children = (
				401F8B6F1FCEDF1800298DD4 /* LoanBooksVC.swift */,
				403FD2441FD1BCB00034C4E5 /* LoanDetailVC.swift */,
			);
			path = Controller;
			sourceTree = "<group>";
		};
		401F8B701FCEDF1800298DD4 /* Model */ = {
			isa = PBXGroup;
			children = (
				402505272019B50400FD4B3E /* LoanAmountType.swift */,
			);
			path = Model;
			sourceTree = "<group>";
		};
		401F8B711FCEDF1800298DD4 /* Service */ = {
			isa = PBXGroup;
			children = (
				4025052520197FAA00FD4B3E /* LoanBooksService.swift */,
			);
			path = Service;
			sourceTree = "<group>";
		};
		401F8B721FCEDF1800298DD4 /* View */ = {
			isa = PBXGroup;
			children = (
				401D9ABA1FD694E70038A860 /* LoanBooksHeaderView.swift */,
				4011FE531FF22B12006CC349 /* DropdownView.swift */,
				4011FE551FF2590A006CC349 /* DropViewCell.swift */,
				402505292019EE9C00FD4B3E /* SortViewCell.swift */,
			);
			path = View;
			sourceTree = "<group>";
		};
		401F8B731FCEDF1800298DD4 /* Others */ = {
			isa = PBXGroup;
			children = (
				401E56D92049977A00C73CBE /* Resource */,
				401F8B741FCEDF1800298DD4 /* CategoryClass */,
				401F8B7C1FCEDF1800298DD4 /* Lib */,
				401F8B7D1FCEDF1800298DD4 /* Model */,
				401F8B7E1FCEDF1800298DD4 /* Tools */,
			);
			path = Others;
			sourceTree = "<group>";
		};
		401F8B741FCEDF1800298DD4 /* CategoryClass */ = {
			isa = PBXGroup;
			children = (
				401F8B751FCEDF1800298DD4 /* NSArray+Extension.swift */,
				401F8B761FCEDF1800298DD4 /* NSDictionary+Extension.swift */,
				401F8B771FCEDF1800298DD4 /* NSObject+Extension.swift */,
				401F8B781FCEDF1800298DD4 /* String+Extension.swift */,
				401F8B791FCEDF1800298DD4 /* UIColor+Extension.swift */,
				401F8B7A1FCEDF1800298DD4 /* UIImage+Extension.swift */,
				401F8B7B1FCEDF1800298DD4 /* UserDefaults+Extension.swift */,
				40142AA82047AAA100A181C5 /* UIAlertView+Extension.swift */,
			);
			path = CategoryClass;
			sourceTree = "<group>";
		};
		401F8B7C1FCEDF1800298DD4 /* Lib */ = {
			isa = PBXGroup;
			children = (
			);
			path = Lib;
			sourceTree = "<group>";
		};
		401F8B7D1FCEDF1800298DD4 /* Model */ = {
			isa = PBXGroup;
			children = (
				40222ECC204FB28100F1101A /* BasicModel.swift */,
			);
			path = Model;
			sourceTree = "<group>";
		};
		401F8B7E1FCEDF1800298DD4 /* Tools */ = {
			isa = PBXGroup;
			children = (
				4084BDB320469DAF008A354F /* XNumRule.swift */,
				401F8B7F1FCEDF1800298DD4 /* XConfigure.swift */,
				401F8B801FCEDF1800298DD4 /* XFoundation.swift */,
				4021B3C620441A0200E16022 /* XJurisdiction.swift */,
				401F8B811FCEDF1800298DD4 /* XPrint.swift */,
			);
			path = Tools;
			sourceTree = "<group>";
		};
		401F8B821FCEDF1800298DD4 /* PublicAssembly */ = {
			isa = PBXGroup;
			children = (
				4067B1BB204AA8390036804F /* Basic */,
				401F8B8D1FCEDF1800298DD4 /* PublicService */,
				401F8B861FCEDF1800298DD4 /* Login */,
			);
			path = PublicAssembly;
			sourceTree = "<group>";
		};
		401F8B861FCEDF1800298DD4 /* Login */ = {
			isa = PBXGroup;
			children = (
				401F8B871FCEDF1800298DD4 /* GraphicView.swift */,
				401F8B881FCEDF1800298DD4 /* LoginFooterView.swift */,
				401F8B891FCEDF1800298DD4 /* LoginInfoView.swift */,
				401F8B8A1FCEDF1800298DD4 /* LoginSegmentedView.swift */,
				401F8B8B1FCEDF1800298DD4 /* LoginVC.swift */,
				401F8B8C1FCEDF1800298DD4 /* UserModel.swift */,
			);
			path = Login;
			sourceTree = "<group>";
		};
		401F8B8D1FCEDF1800298DD4 /* PublicService */ = {
			isa = PBXGroup;
			children = (
				401F8B8E1FCEDF1800298DD4 /* PublicService.swift */,
			);
			path = PublicService;
			sourceTree = "<group>";
		};
		401F8B911FCEDF1800298DD4 /* UserCenter */ = {
			isa = PBXGroup;
			children = (
				401F8BA31FCEDF1800298DD4 /* Service */,
				401F8B921FCEDF1800298DD4 /* Controller */,
				401F8B9D1FCEDF1800298DD4 /* Model */,
				401F8BA51FCEDF1800298DD4 /* View */,
			);
			path = UserCenter;
			sourceTree = "<group>";
		};
		401F8B921FCEDF1800298DD4 /* Controller */ = {
			isa = PBXGroup;
			children = (
				401F8B931FCEDF1800298DD4 /* AboutVC.swift */,
				401F8B941FCEDF1800298DD4 /* BillDetailVC.swift */,
				401F8B951FCEDF1800298DD4 /* MessageCenterVC.swift */,
				401F8B961FCEDF1800298DD4 /* ModifyPasswordVC.swift */,
				401F8B971FCEDF1800298DD4 /* OrderManageVC.swift */,
				401F8B981FCEDF1800298DD4 /* PersonalInfoVC.swift */,
				401F8B991FCEDF1800298DD4 /* RepayManageVC.swift */,
				401F8B9A1FCEDF1800298DD4 /* RepayRecordVC.swift */,
				401F8B9B1FCEDF1800298DD4 /* SetUpVC.swift */,
				401F8B9C1FCEDF1800298DD4 /* UserCenterVC.swift */,
				40CCFE842031917500A8C7C7 /* UserCenterWebVC.swift */,
				4021B3C42044050A00E16022 /* WeChatFocusVC.swift */,
				40234E5F20450816006B988A /* LoanCalculatorVC.swift */,
				40234E612045087E006B988A /* MyCashVC.swift */,
				40234E6320450935006B988A /* MyInterestFreeVC.swift */,
				40234E652045098E006B988A /* MyIntegralVC.swift */,
				40234E67204509F5006B988A /* AccountManageVC.swift */,
				40234E6920452632006B988A /* CapitalDetailsVC.swift */,
				40234E6B204526FF006B988A /* BankCardVC.swift */,
				40229BAE204BDD5800506ACC /* IntegralDetailVC.swift */,
				4009B93C204E5C1A00F72455 /* OrderDetailVC.swift */,
				40222ECA204FAC9600F1101A /* LoanResultVC.swift */,
			);
			path = Controller;
			sourceTree = "<group>";
		};
		401F8B9D1FCEDF1800298DD4 /* Model */ = {
			isa = PBXGroup;
			children = (
				401F8B9E1FCEDF1800298DD4 /* LoanManageModel.swift */,
				401F8B9F1FCEDF1800298DD4 /* LoanOrderModel.swift */,
				401F8BA01FCEDF1800298DD4 /* LoanProductsModel.swift */,
				401F8BA11FCEDF1800298DD4 /* MessageCenterModel.swift */,
				401F8BA21FCEDF1800298DD4 /* UserCenterModel.swift */,
				40234E6D20453FCE006B988A /* CashModel.swift */,
				40234E7B204568BD006B988A /* CapitalModel.swift */,
				40142AAD2047F90F00A181C5 /* BankNameModel.swift */,
				401E56D72049590300C73CBE /* DiscountModel.swift */,
				40229BB0204BF94F00506ACC /* IntergralModel.swift */,
				4009B93E204E7C8100F72455 /* OrderManageModel.swift */,
				40B9BE882059255100CB22FD /* OrderDetailModel.swift */,
			);
			path = Model;
			sourceTree = "<group>";
		};
		401F8BA31FCEDF1800298DD4 /* Service */ = {
			isa = PBXGroup;
			children = (
				401F8BA41FCEDF1800298DD4 /* UserCenterService.swift */,
			);
			path = Service;
			sourceTree = "<group>";
		};
		401F8BA51FCEDF1800298DD4 /* View */ = {
			isa = PBXGroup;
			children = (
				401F8BA61FCEDF1800298DD4 /* MessageCenterCell.swift */,
				401F8BA71FCEDF1800298DD4 /* RepayManageCell.swift */,
				401F8BA81FCEDF1800298DD4 /* RepayManageHeaderView.swift */,
				401F8BA91FCEDF1800298DD4 /* UserCenterCell1.swift */,
				401F8BAA1FCEDF1800298DD4 /* UserCenterCell2.swift */,
				401F8BAB1FCEDF1800298DD4 /* UserCenterHeaderView.swift */,
				401F8BAC1FCEDF1800298DD4 /* UserCollectionViewCell.swift */,
				40234E7520454D35006B988A /* CapitalDetailHeaderView.swift */,
				40234E7920455F5D006B988A /* CapitalViewCell.swift */,
				4022003E204648C200BC296A /* CaptialNullDataView.swift */,
				402D0AD62046C36400BA24E1 /* BankSheetView.swift */,
				401E56D52049537400C73CBE /* DisCountViewCell.swift */,
				40229BAC204BCDED00506ACC /* IntegralViewCell.swift */,
				401A97C3204D7DA8005826CC /* OrderHeaderView.swift */,
				4009B93A204E5AB100F72455 /* OrderManageCell.swift */,
				403BA2AC205121190049585F /* OrderManageCell2.swift */,
				40222ECE204FD3F900F1101A /* RepayRecomView.swift */,
				403BA2AE205150110049585F /* OrderDetailTitleCell.swift */,
				403BA2B0205150300049585F /* OrderDetailSateCell.swift */,
				403BA2B2205150590049585F /* OrderDetailInfoCell.swift */,
				40B9BE842059164700CB22FD /* recommendCell.swift */,
			);
			path = View;
			sourceTree = "<group>";
		};
		4067B1B8204A8EAA0036804F /* Html */ = {
			isa = PBXGroup;
			children = (
				4067B1B9204A8EBD0036804F /* redPackExplain.html */,
			);
			path = Html;
			sourceTree = "<group>";
		};
		4067B1BB204AA8390036804F /* Basic */ = {
			isa = PBXGroup;
			children = (
				4067B1BC204AA8390036804F /* BasicVC.swift */,
				4067B1BD204AA8390036804F /* BasicView.swift */,
				4067B1BE204AA8390036804F /* BasicViewCell.swift */,
				4067B1BF204AA8390036804F /* BasicWebVC.swift */,
				4067B1C0204AA8390036804F /* CentralManage.swift */,
				4067B1C1204AA8390036804F /* URLCenter.swift */,
				4067B1C2204AA8390036804F /* URLDataCenter.swift */,
				4067B1CA204AA8E40036804F /* BasicLocalWebVC.swift */,
			);
			path = Basic;
			sourceTree = "<group>";
		};
		D91B5ECCA6968DA070262B67 /* Pods */ = {
			isa = PBXGroup;
			children = (
				CF58623B744DB930670B6B5D /* Pods-BorrowMoney.debug.xcconfig */,
				C30E7E8962F70FA8C295C3E8 /* Pods-BorrowMoney.release.xcconfig */,
			);
			name = Pods;
			sourceTree = "<group>";
		};
		DEF4582A04F02B4443F90B3E /* Frameworks */ = {
			isa = PBXGroup;
			children = (
				4021B3C820441AC500E16022 /* AVFoundation.framework */,
				4017EDED1F8E1B790077B8E0 /* SDWebImage.framework */,
				4590E8911C82E60953B15D95 /* Pods_BorrowMoney.framework */,
			);
			name = Frameworks;
			sourceTree = "<group>";
		};
/* End PBXGroup section */

/* Begin PBXNativeTarget section */
		4017EDBB1F8E196A0077B8E0 /* BorrowMoney */ = {
			isa = PBXNativeTarget;
			buildConfigurationList = 4017EDE41F8E196A0077B8E0 /* Build configuration list for PBXNativeTarget "BorrowMoney" */;
			buildPhases = (
				2C7CD727AF4F178814219F53 /* [CP] Check Pods Manifest.lock */,
				4017EDB81F8E196A0077B8E0 /* Sources */,
				4017EDB91F8E196A0077B8E0 /* Frameworks */,
				4017EDBA1F8E196A0077B8E0 /* Resources */,
				1D41300008DA0D3083BDDBAC /* [CP] Embed Pods Frameworks */,
				4AEEB0B8AEB4AB1F45AFA5C9 /* [CP] Copy Pods Resources */,
			);
			buildRules = (
			);
			dependencies = (
			);
			name = BorrowMoney;
			productName = BorrowMoney;
			productReference = 4017EDBC1F8E196A0077B8E0 /* BorrowMoney.app */;
			productType = "com.apple.product-type.application";
		};
		4017EDCF1F8E196A0077B8E0 /* BorrowMoneyTests */ = {
			isa = PBXNativeTarget;
			buildConfigurationList = 4017EDE71F8E196A0077B8E0 /* Build configuration list for PBXNativeTarget "BorrowMoneyTests" */;
			buildPhases = (
				4017EDCC1F8E196A0077B8E0 /* Sources */,
				4017EDCD1F8E196A0077B8E0 /* Frameworks */,
				4017EDCE1F8E196A0077B8E0 /* Resources */,
			);
			buildRules = (
			);
			dependencies = (
				4017EDD21F8E196A0077B8E0 /* PBXTargetDependency */,
			);
			name = BorrowMoneyTests;
			productName = BorrowMoneyTests;
			productReference = 4017EDD01F8E196A0077B8E0 /* BorrowMoneyTests.xctest */;
			productType = "com.apple.product-type.bundle.unit-test";
		};
		4017EDDA1F8E196A0077B8E0 /* BorrowMoneyUITests */ = {
			isa = PBXNativeTarget;
			buildConfigurationList = 4017EDEA1F8E196A0077B8E0 /* Build configuration list for PBXNativeTarget "BorrowMoneyUITests" */;
			buildPhases = (
				4017EDD71F8E196A0077B8E0 /* Sources */,
				4017EDD81F8E196A0077B8E0 /* Frameworks */,
				4017EDD91F8E196A0077B8E0 /* Resources */,
			);
			buildRules = (
			);
			dependencies = (
				4017EDDD1F8E196A0077B8E0 /* PBXTargetDependency */,
			);
			name = BorrowMoneyUITests;
			productName = BorrowMoneyUITests;
			productReference = 4017EDDB1F8E196A0077B8E0 /* BorrowMoneyUITests.xctest */;
			productType = "com.apple.product-type.bundle.ui-testing";
		};
/* End PBXNativeTarget section */

/* Begin PBXProject section */
		4017EDB41F8E19690077B8E0 /* Project object */ = {
			isa = PBXProject;
			attributes = {
				LastSwiftUpdateCheck = 0830;
				LastUpgradeCheck = 0830;
				ORGANIZATIONNAME = sparrow;
				TargetAttributes = {
					4017EDBB1F8E196A0077B8E0 = {
						CreatedOnToolsVersion = 8.3.3;
						DevelopmentTeam = BB7E664454;
						ProvisioningStyle = Manual;
					};
					4017EDCF1F8E196A0077B8E0 = {
						CreatedOnToolsVersion = 8.3.3;
						ProvisioningStyle = Automatic;
						TestTargetID = 4017EDBB1F8E196A0077B8E0;
					};
					4017EDDA1F8E196A0077B8E0 = {
						CreatedOnToolsVersion = 8.3.3;
						ProvisioningStyle = Automatic;
						TestTargetID = 4017EDBB1F8E196A0077B8E0;
					};
				};
			};
			buildConfigurationList = 4017EDB71F8E19690077B8E0 /* Build configuration list for PBXProject "BorrowMoney" */;
			compatibilityVersion = "Xcode 3.2";
			developmentRegion = English;
			hasScannedForEncodings = 0;
			knownRegions = (
				en,
				Base,
			);
			mainGroup = 4017EDB31F8E19690077B8E0;
			productRefGroup = 4017EDBD1F8E196A0077B8E0 /* Products */;
			projectDirPath = "";
			projectRoot = "";
			targets = (
				4017EDBB1F8E196A0077B8E0 /* BorrowMoney */,
				4017EDCF1F8E196A0077B8E0 /* BorrowMoneyTests */,
				4017EDDA1F8E196A0077B8E0 /* BorrowMoneyUITests */,
			);
		};
/* End PBXProject section */

/* Begin PBXResourcesBuildPhase section */
		4017EDBA1F8E196A0077B8E0 /* Resources */ = {
			isa = PBXResourcesBuildPhase;
			buildActionMask = 2147483647;
			files = (
				4017EDCA1F8E196A0077B8E0 /* LaunchScreen.storyboard in Resources */,
				4017EDC71F8E196A0077B8E0 /* Assets.xcassets in Resources */,
				4067B1BA204A8EBD0036804F /* redPackExplain.html in Resources */,
			);
			runOnlyForDeploymentPostprocessing = 0;
		};
		4017EDCE1F8E196A0077B8E0 /* Resources */ = {
			isa = PBXResourcesBuildPhase;
			buildActionMask = 2147483647;
			files = (
			);
			runOnlyForDeploymentPostprocessing = 0;
		};
		4017EDD91F8E196A0077B8E0 /* Resources */ = {
			isa = PBXResourcesBuildPhase;
			buildActionMask = 2147483647;
			files = (
			);
			runOnlyForDeploymentPostprocessing = 0;
		};
/* End PBXResourcesBuildPhase section */

/* Begin PBXShellScriptBuildPhase section */
		1D41300008DA0D3083BDDBAC /* [CP] Embed Pods Frameworks */ = {
			isa = PBXShellScriptBuildPhase;
			buildActionMask = 2147483647;
			files = (
			);
			inputPaths = (
			);
			name = "[CP] Embed Pods Frameworks";
			outputPaths = (
			);
			runOnlyForDeploymentPostprocessing = 0;
			shellPath = /bin/sh;
			shellScript = "\"${SRCROOT}/Pods/Target Support Files/Pods-BorrowMoney/Pods-BorrowMoney-frameworks.sh\"\n";
			showEnvVarsInLog = 0;
		};
		2C7CD727AF4F178814219F53 /* [CP] Check Pods Manifest.lock */ = {
			isa = PBXShellScriptBuildPhase;
			buildActionMask = 2147483647;
			files = (
			);
			inputPaths = (
			);
			name = "[CP] Check Pods Manifest.lock";
			outputPaths = (
			);
			runOnlyForDeploymentPostprocessing = 0;
			shellPath = /bin/sh;
			shellScript = "diff \"${PODS_ROOT}/../Podfile.lock\" \"${PODS_ROOT}/Manifest.lock\" > /dev/null\nif [ $? != 0 ] ; then\n    # print error to STDERR\n    echo \"error: The sandbox is not in sync with the Podfile.lock. Run 'pod install' or update your CocoaPods installation.\" >&2\n    exit 1\nfi\n";
			showEnvVarsInLog = 0;
		};
		4AEEB0B8AEB4AB1F45AFA5C9 /* [CP] Copy Pods Resources */ = {
			isa = PBXShellScriptBuildPhase;
			buildActionMask = 2147483647;
			files = (
			);
			inputPaths = (
			);
			name = "[CP] Copy Pods Resources";
			outputPaths = (
			);
			runOnlyForDeploymentPostprocessing = 0;
			shellPath = /bin/sh;
			shellScript = "\"${SRCROOT}/Pods/Target Support Files/Pods-BorrowMoney/Pods-BorrowMoney-resources.sh\"\n";
			showEnvVarsInLog = 0;
		};
/* End PBXShellScriptBuildPhase section */

/* Begin PBXSourcesBuildPhase section */
		4017EDB81F8E196A0077B8E0 /* Sources */ = {
			isa = PBXSourcesBuildPhase;
			buildActionMask = 2147483647;
			files = (
				401F8BB61FCEDF1800298DD4 /* HomePageVC.swift in Sources */,
				401F8BDC1FCEDF1800298DD4 /* UserCenterModel.swift in Sources */,
				4067B1C5204AA8390036804F /* BasicViewCell.swift in Sources */,
				401F8BD11FCEDF1800298DD4 /* ModifyPasswordVC.swift in Sources */,
				4067B1C6204AA8390036804F /* BasicWebVC.swift in Sources */,
				4009B93B204E5AB100F72455 /* OrderManageCell.swift in Sources */,
				4021B3C32043FD8700E16022 /* LargeLoanVC.swift in Sources */,
				401F8BD71FCEDF1800298DD4 /* UserCenterVC.swift in Sources */,
				40234E7620454D35006B988A /* CapitalDetailHeaderView.swift in Sources */,
				401F8BB21FCEDF1800298DD4 /* CustomNavigationController.swift in Sources */,
				4011FE541FF22B12006CC349 /* DropdownView.swift in Sources */,
				401F8BE41FCEDF1800298DD4 /* UserCollectionViewCell.swift in Sources */,
				401F8BB11FCEDF1800298DD4 /* BorrowMoney.swift in Sources */,
				40B9BE852059164700CB22FD /* recommendCell.swift in Sources */,
				40234E6A20452632006B988A /* CapitalDetailsVC.swift in Sources */,
				40234E6E20453FCE006B988A /* CashModel.swift in Sources */,
				401F8BC51FCEDF1800298DD4 /* GraphicView.swift in Sources */,
				40234E6420450935006B988A /* MyInterestFreeVC.swift in Sources */,
				403BA2B1205150300049585F /* OrderDetailSateCell.swift in Sources */,
				401F8BB41FCEDF1800298DD4 /* NaviBarView.swift in Sources */,
				403BA2B3205150590049585F /* OrderDetailInfoCell.swift in Sources */,
				401F8BB51FCEDF1800298DD4 /* TabBarController.swift in Sources */,
				401F8BB31FCEDF1800298DD4 /* ErrorInfo.swift in Sources */,
				400B42B01FD12461009B4EE0 /* HomePageService.swift in Sources */,
				401F8BDB1FCEDF1800298DD4 /* MessageCenterModel.swift in Sources */,
				40B080ED201EF1EA0054134A /* HotSearchView.swift in Sources */,
				40234E6C204526FF006B988A /* BankCardVC.swift in Sources */,
				401F8BE11FCEDF1800298DD4 /* UserCenterCell1.swift in Sources */,
				401E56D82049590300C73CBE /* DiscountModel.swift in Sources */,
				4021B3C52044050A00E16022 /* WeChatFocusVC.swift in Sources */,
				40222ECF204FD3F900F1101A /* RepayRecomView.swift in Sources */,
				401F8BE21FCEDF1800298DD4 /* UserCenterCell2.swift in Sources */,
				401D9ABB1FD694E70038A860 /* LoanBooksHeaderView.swift in Sources */,
				4067B1C9204AA8390036804F /* URLDataCenter.swift in Sources */,
				401F8BDF1FCEDF1800298DD4 /* RepayManageCell.swift in Sources */,
				40222ECB204FAC9600F1101A /* LoanResultVC.swift in Sources */,
				401F8BD21FCEDF1800298DD4 /* OrderManageVC.swift in Sources */,
				401F8BDE1FCEDF1800298DD4 /* MessageCenterCell.swift in Sources */,
				401F8BC81FCEDF1800298DD4 /* LoginSegmentedView.swift in Sources */,
				402D0AD72046C36400BA24E1 /* BankSheetView.swift in Sources */,
				401F8BE61FCFB47D00298DD4 /* CustomNavigationView.swift in Sources */,
				403BA2AF205150110049585F /* OrderDetailTitleCell.swift in Sources */,
				4067B1C8204AA8390036804F /* URLCenter.swift in Sources */,
				401F8BB81FCEDF1800298DD4 /* NSArray+Extension.swift in Sources */,
				400B42B41FD14326009B4EE0 /* HotLoanModel.swift in Sources */,
				401F8BD51FCEDF1800298DD4 /* RepayRecordVC.swift in Sources */,
				4025052A2019EE9C00FD4B3E /* SortViewCell.swift in Sources */,
				40142AAE2047F90F00A181C5 /* BankNameModel.swift in Sources */,
				403BA2AD205121190049585F /* OrderManageCell2.swift in Sources */,
				40234E6020450816006B988A /* LoanCalculatorVC.swift in Sources */,
				401F8BBC1FCEDF1800298DD4 /* UIColor+Extension.swift in Sources */,
				401F8BD01FCEDF1800298DD4 /* MessageCenterVC.swift in Sources */,
				40234E662045098E006B988A /* MyIntegralVC.swift in Sources */,
				401F8BBF1FCEDF1800298DD4 /* XConfigure.swift in Sources */,
				4067B1C3204AA8390036804F /* BasicVC.swift in Sources */,
				4067B1C4204AA8390036804F /* BasicView.swift in Sources */,
				401F8BD91FCEDF1800298DD4 /* LoanOrderModel.swift in Sources */,
				40B9BE892059255100CB22FD /* OrderDetailModel.swift in Sources */,
				401F8BCF1FCEDF1800298DD4 /* BillDetailVC.swift in Sources */,
				401F8BDD1FCEDF1800298DD4 /* UserCenterService.swift in Sources */,
				401F8BB01FCEDF1800298DD4 /* AppDelegate.swift in Sources */,
				40CCFE852031917500A8C7C7 /* UserCenterWebVC.swift in Sources */,
				40142AA92047AAA100A181C5 /* UIAlertView+Extension.swift in Sources */,
				401E56D62049537400C73CBE /* DisCountViewCell.swift in Sources */,
				401F8BD41FCEDF1800298DD4 /* RepayManageVC.swift in Sources */,
				40234E7A20455F5D006B988A /* CapitalViewCell.swift in Sources */,
				401F8BEE1FCFDFB900298DD4 /* ProductTypeView.swift in Sources */,
				401F8BAD1FCEDF1800298DD4 /* ForgetVC.swift in Sources */,
				4011FE561FF2590A006CC349 /* DropViewCell.swift in Sources */,
				401F8BC71FCEDF1800298DD4 /* LoginInfoView.swift in Sources */,
				403FD2451FD1BCB00034C4E5 /* LoanDetailVC.swift in Sources */,
				40234E68204509F5006B988A /* AccountManageVC.swift in Sources */,
				401F8BAF1FCEDF1800298DD4 /* AlamofireManager.swift in Sources */,
				401F8BC91FCEDF1800298DD4 /* LoginVC.swift in Sources */,
				401F8BE31FCEDF1800298DD4 /* UserCenterHeaderView.swift in Sources */,
				401F8BDA1FCEDF1800298DD4 /* LoanProductsModel.swift in Sources */,
				401F8BD31FCEDF1800298DD4 /* PersonalInfoVC.swift in Sources */,
				40234E7C204568BD006B988A /* CapitalModel.swift in Sources */,
				401F8BCB1FCEDF1800298DD4 /* PublicService.swift in Sources */,
				401F8BC11FCEDF1800298DD4 /* XPrint.swift in Sources */,
				401F8BB91FCEDF1800298DD4 /* NSDictionary+Extension.swift in Sources */,
				4067B1CB204AA8E40036804F /* BasicLocalWebVC.swift in Sources */,
				40229BAD204BCDED00506ACC /* IntegralViewCell.swift in Sources */,
				401F8BD81FCEDF1800298DD4 /* LoanManageModel.swift in Sources */,
				4009B93D204E5C1A00F72455 /* OrderDetailVC.swift in Sources */,
				401F8BEA1FCFDA7500298DD4 /* SearchResultVC.swift in Sources */,
				401F8BBD1FCEDF1800298DD4 /* UIImage+Extension.swift in Sources */,
				401F8BF61FD0049D00298DD4 /* ProductViewCell.swift in Sources */,
				40222ECD204FB28100F1101A /* BasicModel.swift in Sources */,
				401F8BEC1FCFDAFC00298DD4 /* SearchNavigationView.swift in Sources */,
				401F8BB71FCEDF1800298DD4 /* LoanBooksVC.swift in Sources */,
				401F8BD61FCEDF1800298DD4 /* SetUpVC.swift in Sources */,
				401F8BE01FCEDF1800298DD4 /* RepayManageHeaderView.swift in Sources */,
				400B42B21FD12B97009B4EE0 /* BannerModel.swift in Sources */,
				401F8BC01FCEDF1800298DD4 /* XFoundation.swift in Sources */,
				401F8BAE1FCEDF1800298DD4 /* RegisterVC.swift in Sources */,
				401F8BF01FCFE04200298DD4 /* RollPictureView.swift in Sources */,
				4067B1C7204AA8390036804F /* CentralManage.swift in Sources */,
				4021B3C720441A0200E16022 /* XJurisdiction.swift in Sources */,
				401F8BC61FCEDF1800298DD4 /* LoginFooterView.swift in Sources */,
				40229BB1204BF94F00506ACC /* IntergralModel.swift in Sources */,
				4009B93F204E7C8100F72455 /* OrderManageModel.swift in Sources */,
				40234E622045087E006B988A /* MyCashVC.swift in Sources */,
				401F8BF41FCFE27D00298DD4 /* LoanBrandCell.swift in Sources */,
				4084BDB420469DAF008A354F /* XNumRule.swift in Sources */,
				401F8BBB1FCEDF1800298DD4 /* String+Extension.swift in Sources */,
				40229BAF204BDD5800506ACC /* IntegralDetailVC.swift in Sources */,
				401F8BBE1FCEDF1800298DD4 /* UserDefaults+Extension.swift in Sources */,
				401A97C4204D7DA8005826CC /* OrderHeaderView.swift in Sources */,
				401F8BBA1FCEDF1800298DD4 /* NSObject+Extension.swift in Sources */,
				4025052620197FAB00FD4B3E /* LoanBooksService.swift in Sources */,
				401F8BCE1FCEDF1800298DD4 /* AboutVC.swift in Sources */,
				401F8BCA1FCEDF1800298DD4 /* UserModel.swift in Sources */,
				401F8BF21FCFE07C00298DD4 /* FixedAdverView.swift in Sources */,
				4022003F204648C200BC296A /* CaptialNullDataView.swift in Sources */,
				402505282019B50400FD4B3E /* LoanAmountType.swift in Sources */,
			);
			runOnlyForDeploymentPostprocessing = 0;
		};
		4017EDCC1F8E196A0077B8E0 /* Sources */ = {
			isa = PBXSourcesBuildPhase;
			buildActionMask = 2147483647;
			files = (
				4017EDD51F8E196A0077B8E0 /* BorrowMoneyTests.swift in Sources */,
			);
			runOnlyForDeploymentPostprocessing = 0;
		};
		4017EDD71F8E196A0077B8E0 /* Sources */ = {
			isa = PBXSourcesBuildPhase;
			buildActionMask = 2147483647;
			files = (
				4017EDE01F8E196A0077B8E0 /* BorrowMoneyUITests.swift in Sources */,
			);
			runOnlyForDeploymentPostprocessing = 0;
		};
/* End PBXSourcesBuildPhase section */

/* Begin PBXTargetDependency section */
		4017EDD21F8E196A0077B8E0 /* PBXTargetDependency */ = {
			isa = PBXTargetDependency;
			target = 4017EDBB1F8E196A0077B8E0 /* BorrowMoney */;
			targetProxy = 4017EDD11F8E196A0077B8E0 /* PBXContainerItemProxy */;
		};
		4017EDDD1F8E196A0077B8E0 /* PBXTargetDependency */ = {
			isa = PBXTargetDependency;
			target = 4017EDBB1F8E196A0077B8E0 /* BorrowMoney */;
			targetProxy = 4017EDDC1F8E196A0077B8E0 /* PBXContainerItemProxy */;
		};
/* End PBXTargetDependency section */

/* Begin PBXVariantGroup section */
		4017EDC81F8E196A0077B8E0 /* LaunchScreen.storyboard */ = {
			isa = PBXVariantGroup;
			children = (
				4017EDC91F8E196A0077B8E0 /* Base */,
			);
			name = LaunchScreen.storyboard;
			sourceTree = "<group>";
		};
/* End PBXVariantGroup section */

/* Begin XCBuildConfiguration section */
		4017EDE21F8E196A0077B8E0 /* Debug */ = {
			isa = XCBuildConfiguration;
			buildSettings = {
				ALWAYS_SEARCH_USER_PATHS = NO;
				CLANG_ANALYZER_NONNULL = YES;
				CLANG_ANALYZER_NUMBER_OBJECT_CONVERSION = YES_AGGRESSIVE;
				CLANG_CXX_LANGUAGE_STANDARD = "gnu++0x";
				CLANG_CXX_LIBRARY = "libc++";
				CLANG_ENABLE_MODULES = YES;
				CLANG_ENABLE_OBJC_ARC = YES;
				CLANG_WARN_BOOL_CONVERSION = YES;
				CLANG_WARN_CONSTANT_CONVERSION = YES;
				CLANG_WARN_DIRECT_OBJC_ISA_USAGE = YES_ERROR;
				CLANG_WARN_DOCUMENTATION_COMMENTS = YES;
				CLANG_WARN_EMPTY_BODY = YES;
				CLANG_WARN_ENUM_CONVERSION = YES;
				CLANG_WARN_INFINITE_RECURSION = YES;
				CLANG_WARN_INT_CONVERSION = YES;
				CLANG_WARN_OBJC_ROOT_CLASS = YES_ERROR;
				CLANG_WARN_SUSPICIOUS_MOVE = YES;
				CLANG_WARN_UNREACHABLE_CODE = YES;
				CLANG_WARN__DUPLICATE_METHOD_MATCH = YES;
				"CODE_SIGN_IDENTITY[sdk=iphoneos*]" = "iPhone Developer";
				COPY_PHASE_STRIP = NO;
				DEBUG_INFORMATION_FORMAT = dwarf;
				ENABLE_STRICT_OBJC_MSGSEND = YES;
				ENABLE_TESTABILITY = YES;
				GCC_C_LANGUAGE_STANDARD = gnu99;
				GCC_DYNAMIC_NO_PIC = NO;
				GCC_NO_COMMON_BLOCKS = YES;
				GCC_OPTIMIZATION_LEVEL = 0;
				GCC_PREPROCESSOR_DEFINITIONS = (
					"DEBUG=1",
					"$(inherited)",
				);
				GCC_WARN_64_TO_32_BIT_CONVERSION = YES;
				GCC_WARN_ABOUT_RETURN_TYPE = YES_ERROR;
				GCC_WARN_UNDECLARED_SELECTOR = YES;
				GCC_WARN_UNINITIALIZED_AUTOS = YES_AGGRESSIVE;
				GCC_WARN_UNUSED_FUNCTION = YES;
				GCC_WARN_UNUSED_VARIABLE = YES;
				IPHONEOS_DEPLOYMENT_TARGET = 10.3;
				MTL_ENABLE_DEBUG_INFO = YES;
				ONLY_ACTIVE_ARCH = YES;
				SDKROOT = iphoneos;
				SWIFT_ACTIVE_COMPILATION_CONDITIONS = DEBUG;
				SWIFT_OPTIMIZATION_LEVEL = "-Onone";
				TARGETED_DEVICE_FAMILY = "1,2";
			};
			name = Debug;
		};
		4017EDE31F8E196A0077B8E0 /* Release */ = {
			isa = XCBuildConfiguration;
			buildSettings = {
				ALWAYS_SEARCH_USER_PATHS = NO;
				CLANG_ANALYZER_NONNULL = YES;
				CLANG_ANALYZER_NUMBER_OBJECT_CONVERSION = YES_AGGRESSIVE;
				CLANG_CXX_LANGUAGE_STANDARD = "gnu++0x";
				CLANG_CXX_LIBRARY = "libc++";
				CLANG_ENABLE_MODULES = YES;
				CLANG_ENABLE_OBJC_ARC = YES;
				CLANG_WARN_BOOL_CONVERSION = YES;
				CLANG_WARN_CONSTANT_CONVERSION = YES;
				CLANG_WARN_DIRECT_OBJC_ISA_USAGE = YES_ERROR;
				CLANG_WARN_DOCUMENTATION_COMMENTS = YES;
				CLANG_WARN_EMPTY_BODY = YES;
				CLANG_WARN_ENUM_CONVERSION = YES;
				CLANG_WARN_INFINITE_RECURSION = YES;
				CLANG_WARN_INT_CONVERSION = YES;
				CLANG_WARN_OBJC_ROOT_CLASS = YES_ERROR;
				CLANG_WARN_SUSPICIOUS_MOVE = YES;
				CLANG_WARN_UNREACHABLE_CODE = YES;
				CLANG_WARN__DUPLICATE_METHOD_MATCH = YES;
				"CODE_SIGN_IDENTITY[sdk=iphoneos*]" = "iPhone Developer";
				COPY_PHASE_STRIP = NO;
				DEBUG_INFORMATION_FORMAT = "dwarf-with-dsym";
				ENABLE_NS_ASSERTIONS = NO;
				ENABLE_STRICT_OBJC_MSGSEND = YES;
				GCC_C_LANGUAGE_STANDARD = gnu99;
				GCC_NO_COMMON_BLOCKS = YES;
				GCC_WARN_64_TO_32_BIT_CONVERSION = YES;
				GCC_WARN_ABOUT_RETURN_TYPE = YES_ERROR;
				GCC_WARN_UNDECLARED_SELECTOR = YES;
				GCC_WARN_UNINITIALIZED_AUTOS = YES_AGGRESSIVE;
				GCC_WARN_UNUSED_FUNCTION = YES;
				GCC_WARN_UNUSED_VARIABLE = YES;
				IPHONEOS_DEPLOYMENT_TARGET = 10.3;
				MTL_ENABLE_DEBUG_INFO = NO;
				SDKROOT = iphoneos;
				SWIFT_OPTIMIZATION_LEVEL = "-Owholemodule";
				TARGETED_DEVICE_FAMILY = "1,2";
				VALIDATE_PRODUCT = YES;
			};
			name = Release;
		};
		4017EDE51F8E196A0077B8E0 /* Debug */ = {
			isa = XCBuildConfiguration;
			baseConfigurationReference = CF58623B744DB930670B6B5D /* Pods-BorrowMoney.debug.xcconfig */;
			buildSettings = {
				ASSETCATALOG_COMPILER_APPICON_NAME = AppIcon;
				CODE_SIGN_IDENTITY = "iPhone Developer: Luo Xuanbin (4VGDFLUTSF)";
				"CODE_SIGN_IDENTITY[sdk=iphoneos*]" = "iPhone Developer: Luo Xuanbin (4VGDFLUTSF)";
				DEVELOPMENT_TEAM = BB7E664454;
				FRAMEWORK_SEARCH_PATHS = (
					"$(inherited)",
					"$(PROJECT_DIR)/build/Debug-iphoneos/SDWebImage",
				);
				INFOPLIST_FILE = BorrowMoney/Info.plist;
				IPHONEOS_DEPLOYMENT_TARGET = 8.0;
				LD_RUNPATH_SEARCH_PATHS = "$(inherited) @executable_path/Frameworks";
				PRODUCT_BUNDLE_IDENTIFIER = com.wdzj.rzj;
				PRODUCT_NAME = "$(TARGET_NAME)";
				PROVISIONING_PROFILE = "709ccca8-9274-4dfe-ac5a-b1cea435ffe2";
				PROVISIONING_PROFILE_SPECIFIER = dve_jdq_1207;
				SWIFT_OBJC_BRIDGING_HEADER = "$(SRCROOT)/BorrowMoney/Classes/Base/Bridging-Header.h";
				SWIFT_VERSION = 3.0;
				USER_HEADER_SEARCH_PATHS = "${SRCROOT}/**";
			};
			name = Debug;
		};
		4017EDE61F8E196A0077B8E0 /* Release */ = {
			isa = XCBuildConfiguration;
			baseConfigurationReference = C30E7E8962F70FA8C295C3E8 /* Pods-BorrowMoney.release.xcconfig */;
			buildSettings = {
				ASSETCATALOG_COMPILER_APPICON_NAME = AppIcon;
				CODE_SIGN_IDENTITY = "";
				"CODE_SIGN_IDENTITY[sdk=iphoneos*]" = "";
				DEVELOPMENT_TEAM = BB7E664454;
				FRAMEWORK_SEARCH_PATHS = (
					"$(inherited)",
					"$(PROJECT_DIR)/build/Debug-iphoneos/SDWebImage",
				);
				INFOPLIST_FILE = BorrowMoney/Info.plist;
				IPHONEOS_DEPLOYMENT_TARGET = 8.0;
				LD_RUNPATH_SEARCH_PATHS = "$(inherited) @executable_path/Frameworks";
				PRODUCT_BUNDLE_IDENTIFIER = com.wdzj.rzj;
				PRODUCT_NAME = "$(TARGET_NAME)";
				PROVISIONING_PROFILE = "";
				PROVISIONING_PROFILE_SPECIFIER = "";
				SWIFT_OBJC_BRIDGING_HEADER = "$(SRCROOT)/BorrowMoney/Classes/Base/Bridging-Header.h";
				SWIFT_VERSION = 3.0;
				USER_HEADER_SEARCH_PATHS = "${SRCROOT}/**";
			};
			name = Release;
		};
		4017EDE81F8E196A0077B8E0 /* Debug */ = {
			isa = XCBuildConfiguration;
			buildSettings = {
				ALWAYS_EMBED_SWIFT_STANDARD_LIBRARIES = YES;
				BUNDLE_LOADER = "$(TEST_HOST)";
				INFOPLIST_FILE = BorrowMoneyTests/Info.plist;
				LD_RUNPATH_SEARCH_PATHS = "$(inherited) @executable_path/Frameworks @loader_path/Frameworks";
				PRODUCT_BUNDLE_IDENTIFIER = com.sparrow.www.BorrowMoneyTests;
				PRODUCT_NAME = "$(TARGET_NAME)";
				SWIFT_VERSION = 3.0;
				TEST_HOST = "$(BUILT_PRODUCTS_DIR)/BorrowMoney.app/BorrowMoney";
			};
			name = Debug;
		};
		4017EDE91F8E196A0077B8E0 /* Release */ = {
			isa = XCBuildConfiguration;
			buildSettings = {
				ALWAYS_EMBED_SWIFT_STANDARD_LIBRARIES = YES;
				BUNDLE_LOADER = "$(TEST_HOST)";
				INFOPLIST_FILE = BorrowMoneyTests/Info.plist;
				LD_RUNPATH_SEARCH_PATHS = "$(inherited) @executable_path/Frameworks @loader_path/Frameworks";
				PRODUCT_BUNDLE_IDENTIFIER = com.sparrow.www.BorrowMoneyTests;
				PRODUCT_NAME = "$(TARGET_NAME)";
				SWIFT_VERSION = 3.0;
				TEST_HOST = "$(BUILT_PRODUCTS_DIR)/BorrowMoney.app/BorrowMoney";
			};
			name = Release;
		};
		4017EDEB1F8E196A0077B8E0 /* Debug */ = {
			isa = XCBuildConfiguration;
			buildSettings = {
				ALWAYS_EMBED_SWIFT_STANDARD_LIBRARIES = YES;
				INFOPLIST_FILE = BorrowMoneyUITests/Info.plist;
				LD_RUNPATH_SEARCH_PATHS = "$(inherited) @executable_path/Frameworks @loader_path/Frameworks";
				PRODUCT_BUNDLE_IDENTIFIER = com.sparrow.www.BorrowMoneyUITests;
				PRODUCT_NAME = "$(TARGET_NAME)";
				SWIFT_VERSION = 3.0;
				TEST_TARGET_NAME = BorrowMoney;
			};
			name = Debug;
		};
		4017EDEC1F8E196A0077B8E0 /* Release */ = {
			isa = XCBuildConfiguration;
			buildSettings = {
				ALWAYS_EMBED_SWIFT_STANDARD_LIBRARIES = YES;
				INFOPLIST_FILE = BorrowMoneyUITests/Info.plist;
				LD_RUNPATH_SEARCH_PATHS = "$(inherited) @executable_path/Frameworks @loader_path/Frameworks";
				PRODUCT_BUNDLE_IDENTIFIER = com.sparrow.www.BorrowMoneyUITests;
				PRODUCT_NAME = "$(TARGET_NAME)";
				SWIFT_VERSION = 3.0;
				TEST_TARGET_NAME = BorrowMoney;
			};
			name = Release;
		};
/* End XCBuildConfiguration section */

/* Begin XCConfigurationList section */
		4017EDB71F8E19690077B8E0 /* Build configuration list for PBXProject "BorrowMoney" */ = {
			isa = XCConfigurationList;
			buildConfigurations = (
				4017EDE21F8E196A0077B8E0 /* Debug */,
				4017EDE31F8E196A0077B8E0 /* Release */,
			);
			defaultConfigurationIsVisible = 0;
			defaultConfigurationName = Release;
		};
		4017EDE41F8E196A0077B8E0 /* Build configuration list for PBXNativeTarget "BorrowMoney" */ = {
			isa = XCConfigurationList;
			buildConfigurations = (
				4017EDE51F8E196A0077B8E0 /* Debug */,
				4017EDE61F8E196A0077B8E0 /* Release */,
			);
			defaultConfigurationIsVisible = 0;
			defaultConfigurationName = Release;
		};
		4017EDE71F8E196A0077B8E0 /* Build configuration list for PBXNativeTarget "BorrowMoneyTests" */ = {
			isa = XCConfigurationList;
			buildConfigurations = (
				4017EDE81F8E196A0077B8E0 /* Debug */,
				4017EDE91F8E196A0077B8E0 /* Release */,
			);
			defaultConfigurationIsVisible = 0;
			defaultConfigurationName = Release;
		};
		4017EDEA1F8E196A0077B8E0 /* Build configuration list for PBXNativeTarget "BorrowMoneyUITests" */ = {
			isa = XCConfigurationList;
			buildConfigurations = (
				4017EDEB1F8E196A0077B8E0 /* Debug */,
				4017EDEC1F8E196A0077B8E0 /* Release */,
			);
			defaultConfigurationIsVisible = 0;
			defaultConfigurationName = Release;
		};
/* End XCConfigurationList section */
	};
	rootObject = 4017EDB41F8E19690077B8E0 /* Project object */;
}
